
Microsoft Visual Studio Solution File, Format Version 12.00
# Visual Studio Version 17
VisualStudioVersion = 17.0.31903.59
MinimumVisualStudioVersion = 10.0.40219.1
Project("{FAE04EC0-301F-11D3-BF4B-00C04F79EFBC}") = "01-hello", "01-hello\01-hello.csproj", "{1A2D36A2-E9E9-40CD-B5AB-8ED256B2B39B}"
EndProject
Project("{2150E333-8FDC-42A3-9474-1A3956D46DE8}") = "exercises", "exercises", "{D1DC7328-7354-4621-892F-F7F67BEAD8C3}"
EndProject
Project("{FAE04EC0-301F-11D3-BF4B-00C04F79EFBC}") = "01a-brush-teeth", "exercises\01a-brush-teeth\01a-brush-teeth.csproj", "{2F307D39-63A6-4BBB-905C-90805BEC0023}"
EndProject
Project("{FAE04EC0-301F-11D3-BF4B-00C04F79EFBC}") = "02-variables", "02-variables\02-variables.csproj", "{63C52442-8C11-474D-8353-654BCBF51E9A}"
EndProject
Project("{FAE04EC0-301F-11D3-BF4B-00C04F79EFBC}") = "02b-operations", "02b-operations\02b-operations.csproj", "{A50DEB6F-AD30-47B8-A646-5E6F44D8CCB3}"
EndProject
Project("{FAE04EC0-301F-11D3-BF4B-00C04F79EFBC}") = "03-strings", "03-strings\03-strings.csproj", "{6239C103-E79D-4653-B3E7-C7175490EC16}"
EndProject
Project("{FAE04EC0-301F-11D3-BF4B-00C04F79EFBC}") = "02b-multiplication-table", "exercises\02b-multiplication-table\02b-multiplication-table.csproj", "{271D8F27-B736-482A-9D40-8394E313C185}"
EndProject
Project("{FAE04EC0-301F-11D3-BF4B-00C04F79EFBC}") = "02c-health-points", "exercises\02c-health-points\02c-health-points.csproj", "{0CD98227-5884-412B-A29F-0AC2584D8268}"
EndProject
Project("{FAE04EC0-301F-11D3-BF4B-00C04F79EFBC}") = "02d-rpg-character", "exercises\02d-rpg-character\02d-rpg-character.csproj", "{63166153-9561-4661-8EE7-665575E83CB9}"
EndProject
Project("{2150E333-8FDC-42A3-9474-1A3956D46DE8}") = "challenges", "challenges", "{A2FE7063-0686-4541-8BFC-A5116D6629E9}"
EndProject
Project("{FAE04EC0-301F-11D3-BF4B-00C04F79EFBC}") = "02a-rest-of-division", "challenges\02a-rest-of-division\02a-rest-of-division.csproj", "{99C09536-1CBD-4A56-8675-F2F3384E2D60}"
EndProject
Project("{FAE04EC0-301F-11D3-BF4B-00C04F79EFBC}") = "02b-equation", "challenges\02b-equation\02b-equation.csproj", "{C2F748FD-ADEC-4959-AB92-C66843B7762E}"
EndProject
Project("{FAE04EC0-301F-11D3-BF4B-00C04F79EFBC}") = "03a-missions", "exercises\03a-missions\03a-missions.csproj", "{8CC4ABDA-3E2E-439E-B618-758F78ECE06B}"
EndProject
Project("{FAE04EC0-301F-11D3-BF4B-00C04F79EFBC}") = "03a-raw-string-literal", "challenges\03a-raw-string-literal\03a-raw-string-literal.csproj", "{787A3F84-0D04-4A08-96E6-B41C125C4107}"
EndProject
Project("{FAE04EC0-301F-11D3-BF4B-00C04F79EFBC}") = "03b-string-length", "challenges\03b-string-length\03b-string-length.csproj", "{10C062F9-60E5-4F46-A8A2-873D93C6D9B2}"
EndProject
Project("{FAE04EC0-301F-11D3-BF4B-00C04F79EFBC}") = "04-input-output", "04-input-output\04-input-output.csproj", "{433E27D6-7B99-47FE-B213-9C0EEBFE9D3E}"
EndProject
Project("{FAE04EC0-301F-11D3-BF4B-00C04F79EFBC}") = "05-control-flow", "05-control-flow\05-control-flow.csproj", "{AEFB46CA-B741-4830-A900-AE5E1D02E5A3}"
EndProject
Project("{FAE04EC0-301F-11D3-BF4B-00C04F79EFBC}") = "05b-conditions", "05b-conditions\05b-conditions.csproj", "{7D5FE2CC-1EE7-480A-A9E5-B2D3BD9E662A}"
EndProject
Project("{FAE04EC0-301F-11D3-BF4B-00C04F79EFBC}") = "05c-else-if", "05c-else-if\05c-else-if.csproj", "{6D48990D-0D24-4B7D-9BA6-DE2F9091767D}"
EndProject
Project("{FAE04EC0-301F-11D3-BF4B-00C04F79EFBC}") = "06-logical-operators", "06-logical-operators\06-logical-operators.csproj", "{408A2304-A53C-4775-B67B-DE6F572DBB7C}"
EndProject
Project("{FAE04EC0-301F-11D3-BF4B-00C04F79EFBC}") = "07-loop-for", "07-loop-for\07-loop-for.csproj", "{9B067312-CB5E-4920-8154-32DC1111FD3B}"
EndProject
Project("{FAE04EC0-301F-11D3-BF4B-00C04F79EFBC}") = "07b-loop-while", "07b-loop-while\07b-loop-while.csproj", "{9DF2E777-10FC-408B-827D-C9F03DAB700D}"
EndProject
Project("{FAE04EC0-301F-11D3-BF4B-00C04F79EFBC}") = "07c-break", "07c-break\07c-break.csproj", "{E4FC4945-CFB6-4A1C-B00E-2561E9E23C71}"
EndProject
Project("{FAE04EC0-301F-11D3-BF4B-00C04F79EFBC}") = "07d-continue", "07d-continue\07d-continue.csproj", "{636F1E1F-4051-435C-82A2-A3C0CD8FFAE6}"
EndProject
Project("{FAE04EC0-301F-11D3-BF4B-00C04F79EFBC}") = "08-classes", "08-classes\08-classes.csproj", "{4151ACCD-B5A4-47B7-9B3D-652251B95D52}"
EndProject
Project("{FAE04EC0-301F-11D3-BF4B-00C04F79EFBC}") = "02a-float-variables", "exercises\02a-float-variables\02a-float-variables.csproj", "{F3744A9B-A0A5-4BB1-B0ED-3754139DEE2B}"
EndProject
Project("{FAE04EC0-301F-11D3-BF4B-00C04F79EFBC}") = "04a-calculator", "exercises\04a-calculator\04a-calculator.csproj", "{C3B69762-192A-4BD0-AB32-0907E1BCB8F5}"
EndProject
Project("{FAE04EC0-301F-11D3-BF4B-00C04F79EFBC}") = "04b-rpg-character-form", "exercises\04b-rpg-character-form\04b-rpg-character-form.csproj", "{D45844FE-D313-4EFE-99A3-38537422F7DE}"
EndProject
Project("{FAE04EC0-301F-11D3-BF4B-00C04F79EFBC}") = "04c-percentage", "exercises\04c-percentage\04c-percentage.csproj", "{E717029B-4AF5-4A16-B48B-4882DDE04F31}"
EndProject
Project("{FAE04EC0-301F-11D3-BF4B-00C04F79EFBC}") = "04d-points-average", "exercises\04d-points-average\04d-points-average.csproj", "{332C0218-7C07-4005-9620-79E422B66FD3}"
EndProject
Project("{FAE04EC0-301F-11D3-BF4B-00C04F79EFBC}") = "04e-travel-time", "exercises\04e-travel-time\04e-travel-time.csproj", "{25FF6B0D-7C3A-4D39-9943-EC40C151E19B}"
EndProject
Project("{FAE04EC0-301F-11D3-BF4B-00C04F79EFBC}") = "05a-adulthood", "exercises\05a-adulthood\05a-adulthood.csproj", "{BA473E5F-8C6E-4AF5-8D95-740BA9DE4846}"
EndProject
Project("{FAE04EC0-301F-11D3-BF4B-00C04F79EFBC}") = "05b-greater-number", "exercises\05b-greater-number\05b-greater-number.csproj", "{318A99DD-ED4A-49E7-81E2-47C3B779049D}"
EndProject
Project("{FAE04EC0-301F-11D3-BF4B-00C04F79EFBC}") = "05c-calculator", "exercises\05c-calculator\05c-calculator.csproj", "{B90B657C-D677-471A-BA2D-02363F6D84F8}"
EndProject
Project("{FAE04EC0-301F-11D3-BF4B-00C04F79EFBC}") = "05d-basketball-qualifiers", "exercises\05d-basketball-qualifiers\05d-basketball-qualifiers.csproj", "{FE456711-C291-4B9C-89DC-45C278C3255E}"
EndProject
Project("{FAE04EC0-301F-11D3-BF4B-00C04F79EFBC}") = "05a-even-or-odd", "challenges\05a-even-or-odd\05a-even-or-odd.csproj", "{E0E6954C-A370-41F5-AAE0-85374EA27D33}"
EndProject
Project("{FAE04EC0-301F-11D3-BF4B-00C04F79EFBC}") = "05b-visual-novel", "challenges\05b-visual-novel\05b-visual-novel.csproj", "{824F3337-EFF1-4EB9-A071-6160CF30723A}"
EndProject
Project("{FAE04EC0-301F-11D3-BF4B-00C04F79EFBC}") = "06a-greater-number", "exercises\06a-greater-number\06a-greater-number.csproj", "{9AE59386-22E0-4DB8-B333-065E84544BF6}"
EndProject
Project("{FAE04EC0-301F-11D3-BF4B-00C04F79EFBC}") = "06b-product-discount", "exercises\06b-product-discount\06b-product-discount.csproj", "{4BBC7051-51D2-4440-B0A3-9A46AD9F5A24}"
EndProject
Project("{FAE04EC0-301F-11D3-BF4B-00C04F79EFBC}") = "06c-waiting-line", "exercises\06c-waiting-line\06c-waiting-line.csproj", "{64980491-1E48-4A61-9FCE-842A20BEFAD2}"
EndProject
Project("{FAE04EC0-301F-11D3-BF4B-00C04F79EFBC}") = "06d-racing-game", "exercises\06d-racing-game\06d-racing-game.csproj", "{5AEA135C-64DA-40E3-B0EF-C0C9CD1B7D32}"
EndProject
Project("{FAE04EC0-301F-11D3-BF4B-00C04F79EFBC}") = "06a-imc", "challenges\06a-imc\06a-imc.csproj", "{65AEC75D-952C-4B38-AF60-741DC7967139}"
EndProject
Project("{FAE04EC0-301F-11D3-BF4B-00C04F79EFBC}") = "07a-multiplication-table", "exercises\07a-multiplication-table\07a-multiplication-table.csproj", "{F13BA343-B3CF-4B85-9AEF-08CBD14A380F}"
EndProject
Project("{FAE04EC0-301F-11D3-BF4B-00C04F79EFBC}") = "07b-guess-the-number", "exercises\07b-guess-the-number\07b-guess-the-number.csproj", "{A7A86E2D-11D6-49A6-ACFF-25DBCB093F82}"
EndProject
Project("{FAE04EC0-301F-11D3-BF4B-00C04F79EFBC}") = "07c-purchase-payments", "exercises\07c-purchase-payments\07c-purchase-payments.csproj", "{0D75C89C-703C-446D-BE06-0675A53096E8}"
EndProject
Project("{FAE04EC0-301F-11D3-BF4B-00C04F79EFBC}") = "07d-grade-average", "exercises\07d-grade-average\07d-grade-average.csproj", "{42C28761-24C4-4405-B98C-787F8C284B56}"
EndProject
Project("{FAE04EC0-301F-11D3-BF4B-00C04F79EFBC}") = "07a-loop-string", "challenges\07a-loop-string\07a-loop-string.csproj", "{631AF9B9-1A08-426A-916D-4DA5B7B67722}"
EndProject
Project("{FAE04EC0-301F-11D3-BF4B-00C04F79EFBC}") = "07b-decreasing-loop", "challenges\07b-decreasing-loop\07b-decreasing-loop.csproj", "{13F0B9E6-BE87-477E-BF41-F049E6BB0C54}"
EndProject
Project("{FAE04EC0-301F-11D3-BF4B-00C04F79EFBC}") = "08a-calculator-class", "exercises\08a-calculator-class\08a-calculator-class.csproj", "{E7F6703C-94B6-4BD5-94D0-816EA50836BF}"
EndProject
Project("{FAE04EC0-301F-11D3-BF4B-00C04F79EFBC}") = "08b-rpg-character", "exercises\08b-rpg-character\08b-rpg-character.csproj", "{2C67167E-D7F3-40CB-86F1-EC443A594C09}"
EndProject
Project("{FAE04EC0-301F-11D3-BF4B-00C04F79EFBC}") = "08c-shapes", "exercises\08c-shapes\08c-shapes.csproj", "{7A32B2C8-B374-4B3F-922B-45BA1FF2C891}"
EndProject
Project("{FAE04EC0-301F-11D3-BF4B-00C04F79EFBC}") = "08d-bank-account", "exercises\08d-bank-account\08d-bank-account.csproj", "{90BA2539-4D8A-4225-B1FB-B2093775C904}"
EndProject
Project("{FAE04EC0-301F-11D3-BF4B-00C04F79EFBC}") = "08a-scoreboard", "challenges\08a-scoreboard\08a-scoreboard.csproj", "{EDFD9119-5D00-402A-A0C8-8E2DE494EB03}"
EndProject
Project("{FAE04EC0-301F-11D3-BF4B-00C04F79EFBC}") = "09-properties", "09-properties\09-properties.csproj", "{AC24DF1F-80E7-4307-8B9F-73C697934479}"
EndProject
Project("{FAE04EC0-301F-11D3-BF4B-00C04F79EFBC}") = "09a-person-properties", "exercises\09a-person-properties\09a-person-properties.csproj", "{1914A5CC-089A-4BF3-8124-BB0D7DA29DF5}"
EndProject
Project("{FAE04EC0-301F-11D3-BF4B-00C04F79EFBC}") = "09b-cart-properties", "exercises\09b-cart-properties\09b-cart-properties.csproj", "{672FE3EA-EFB2-4297-A2D1-C4901FCCEA8A}"
EndProject
Project("{FAE04EC0-301F-11D3-BF4B-00C04F79EFBC}") = "09c-date-properties", "exercises\09c-date-properties\09c-date-properties.csproj", "{6C05CFB8-30A1-4C6C-8DE2-BC6A7FF31E3D}"
EndProject
Project("{FAE04EC0-301F-11D3-BF4B-00C04F79EFBC}") = "09a-email-properties", "challenges\09a-email-properties\09a-email-properties.csproj", "{FE589A1E-9687-4711-80DD-D9B42D5FBA81}"
EndProject
Project("{FAE04EC0-301F-11D3-BF4B-00C04F79EFBC}") = "10-comments", "10-comments\10-comments.csproj", "{E24B6040-2644-44B0-8B13-FC9AE6579531}"
EndProject
Project("{FAE04EC0-301F-11D3-BF4B-00C04F79EFBC}") = "11-constants", "11-constants\11-constants.csproj", "{40490278-7DE3-43FB-97A8-B5DB84A467D9}"
EndProject
Project("{FAE04EC0-301F-11D3-BF4B-00C04F79EFBC}") = "11b-enums", "11b-enums\11b-enums.csproj", "{69B4F596-6B93-41AA-8418-054B05CEB89A}"
EndProject
Project("{FAE04EC0-301F-11D3-BF4B-00C04F79EFBC}") = "11a-tax-calculator", "challenges\11a-tax-calculator\11a-tax-calculator.csproj", "{9C775D53-9900-4052-AF0E-2D9CD19FE0B7}"
EndProject
Project("{FAE04EC0-301F-11D3-BF4B-00C04F79EFBC}") = "11b-string-to-enum", "challenges\11b-string-to-enum\11b-string-to-enum.csproj", "{0E58A3D6-B484-41F2-BE5C-69F3471549EF}"
EndProject
Project("{FAE04EC0-301F-11D3-BF4B-00C04F79EFBC}") = "11c-enum-values", "challenges\11c-enum-values\11c-enum-values.csproj", "{BF0C9A2B-5F90-495F-B4C8-D4681419F0D7}"
EndProject
Project("{FAE04EC0-301F-11D3-BF4B-00C04F79EFBC}") = "11a-hour-to-minuto", "exercises\11a-hour-to-minuto\11a-hour-to-minuto.csproj", "{59EA8EE2-BB53-42A9-9383-64E60A9F42EE}"
EndProject
Project("{FAE04EC0-301F-11D3-BF4B-00C04F79EFBC}") = "11b-age-to-drive", "exercises\11b-age-to-drive\11b-age-to-drive.csproj", "{3F74FE16-6F94-4A31-B182-76A25EB2EB80}"
EndProject
Project("{FAE04EC0-301F-11D3-BF4B-00C04F79EFBC}") = "11c-currency-conversion", "exercises\11c-currency-conversion\11c-currency-conversion.csproj", "{5466FCBA-04FB-42D2-BF4F-3AFE55137C2F}"
EndProject
Project("{FAE04EC0-301F-11D3-BF4B-00C04F79EFBC}") = "11d-logs", "exercises\11d-logs\11d-logs.csproj", "{2729BCD0-03E0-4154-B30D-46687E6786A2}"
EndProject
Project("{FAE04EC0-301F-11D3-BF4B-00C04F79EFBC}") = "11e-difficult", "exercises\11e-difficult\11e-difficult.csproj", "{0F190EE4-50BE-4DEB-9F5D-BC6823C0A29A}"
EndProject
Project("{FAE04EC0-301F-11D3-BF4B-00C04F79EFBC}") = "11f-traffic-light", "exercises\11f-traffic-light\11f-traffic-light.csproj", "{2B5714B1-3249-4F70-8A00-5649BF2AD605}"
EndProject
Global
	GlobalSection(SolutionConfigurationPlatforms) = preSolution
		Debug|Any CPU = Debug|Any CPU
		Debug|x64 = Debug|x64
		Debug|x86 = Debug|x86
		Release|Any CPU = Release|Any CPU
		Release|x64 = Release|x64
		Release|x86 = Release|x86
	EndGlobalSection
	GlobalSection(ProjectConfigurationPlatforms) = postSolution
		{1A2D36A2-E9E9-40CD-B5AB-8ED256B2B39B}.Debug|Any CPU.ActiveCfg = Debug|Any CPU
		{1A2D36A2-E9E9-40CD-B5AB-8ED256B2B39B}.Debug|Any CPU.Build.0 = Debug|Any CPU
		{1A2D36A2-E9E9-40CD-B5AB-8ED256B2B39B}.Debug|x64.ActiveCfg = Debug|Any CPU
		{1A2D36A2-E9E9-40CD-B5AB-8ED256B2B39B}.Debug|x64.Build.0 = Debug|Any CPU
		{1A2D36A2-E9E9-40CD-B5AB-8ED256B2B39B}.Debug|x86.ActiveCfg = Debug|Any CPU
		{1A2D36A2-E9E9-40CD-B5AB-8ED256B2B39B}.Debug|x86.Build.0 = Debug|Any CPU
		{1A2D36A2-E9E9-40CD-B5AB-8ED256B2B39B}.Release|Any CPU.ActiveCfg = Release|Any CPU
		{1A2D36A2-E9E9-40CD-B5AB-8ED256B2B39B}.Release|Any CPU.Build.0 = Release|Any CPU
		{1A2D36A2-E9E9-40CD-B5AB-8ED256B2B39B}.Release|x64.ActiveCfg = Release|Any CPU
		{1A2D36A2-E9E9-40CD-B5AB-8ED256B2B39B}.Release|x64.Build.0 = Release|Any CPU
		{1A2D36A2-E9E9-40CD-B5AB-8ED256B2B39B}.Release|x86.ActiveCfg = Release|Any CPU
		{1A2D36A2-E9E9-40CD-B5AB-8ED256B2B39B}.Release|x86.Build.0 = Release|Any CPU
		{2F307D39-63A6-4BBB-905C-90805BEC0023}.Debug|Any CPU.ActiveCfg = Debug|Any CPU
		{2F307D39-63A6-4BBB-905C-90805BEC0023}.Debug|Any CPU.Build.0 = Debug|Any CPU
		{2F307D39-63A6-4BBB-905C-90805BEC0023}.Debug|x64.ActiveCfg = Debug|Any CPU
		{2F307D39-63A6-4BBB-905C-90805BEC0023}.Debug|x64.Build.0 = Debug|Any CPU
		{2F307D39-63A6-4BBB-905C-90805BEC0023}.Debug|x86.ActiveCfg = Debug|Any CPU
		{2F307D39-63A6-4BBB-905C-90805BEC0023}.Debug|x86.Build.0 = Debug|Any CPU
		{2F307D39-63A6-4BBB-905C-90805BEC0023}.Release|Any CPU.ActiveCfg = Release|Any CPU
		{2F307D39-63A6-4BBB-905C-90805BEC0023}.Release|Any CPU.Build.0 = Release|Any CPU
		{2F307D39-63A6-4BBB-905C-90805BEC0023}.Release|x64.ActiveCfg = Release|Any CPU
		{2F307D39-63A6-4BBB-905C-90805BEC0023}.Release|x64.Build.0 = Release|Any CPU
		{2F307D39-63A6-4BBB-905C-90805BEC0023}.Release|x86.ActiveCfg = Release|Any CPU
		{2F307D39-63A6-4BBB-905C-90805BEC0023}.Release|x86.Build.0 = Release|Any CPU
		{63C52442-8C11-474D-8353-654BCBF51E9A}.Debug|Any CPU.ActiveCfg = Debug|Any CPU
		{63C52442-8C11-474D-8353-654BCBF51E9A}.Debug|Any CPU.Build.0 = Debug|Any CPU
		{63C52442-8C11-474D-8353-654BCBF51E9A}.Debug|x64.ActiveCfg = Debug|Any CPU
		{63C52442-8C11-474D-8353-654BCBF51E9A}.Debug|x64.Build.0 = Debug|Any CPU
		{63C52442-8C11-474D-8353-654BCBF51E9A}.Debug|x86.ActiveCfg = Debug|Any CPU
		{63C52442-8C11-474D-8353-654BCBF51E9A}.Debug|x86.Build.0 = Debug|Any CPU
		{63C52442-8C11-474D-8353-654BCBF51E9A}.Release|Any CPU.ActiveCfg = Release|Any CPU
		{63C52442-8C11-474D-8353-654BCBF51E9A}.Release|Any CPU.Build.0 = Release|Any CPU
		{63C52442-8C11-474D-8353-654BCBF51E9A}.Release|x64.ActiveCfg = Release|Any CPU
		{63C52442-8C11-474D-8353-654BCBF51E9A}.Release|x64.Build.0 = Release|Any CPU
		{63C52442-8C11-474D-8353-654BCBF51E9A}.Release|x86.ActiveCfg = Release|Any CPU
		{63C52442-8C11-474D-8353-654BCBF51E9A}.Release|x86.Build.0 = Release|Any CPU
		{A50DEB6F-AD30-47B8-A646-5E6F44D8CCB3}.Debug|Any CPU.ActiveCfg = Debug|Any CPU
		{A50DEB6F-AD30-47B8-A646-5E6F44D8CCB3}.Debug|Any CPU.Build.0 = Debug|Any CPU
		{A50DEB6F-AD30-47B8-A646-5E6F44D8CCB3}.Debug|x64.ActiveCfg = Debug|Any CPU
		{A50DEB6F-AD30-47B8-A646-5E6F44D8CCB3}.Debug|x64.Build.0 = Debug|Any CPU
		{A50DEB6F-AD30-47B8-A646-5E6F44D8CCB3}.Debug|x86.ActiveCfg = Debug|Any CPU
		{A50DEB6F-AD30-47B8-A646-5E6F44D8CCB3}.Debug|x86.Build.0 = Debug|Any CPU
		{A50DEB6F-AD30-47B8-A646-5E6F44D8CCB3}.Release|Any CPU.ActiveCfg = Release|Any CPU
		{A50DEB6F-AD30-47B8-A646-5E6F44D8CCB3}.Release|Any CPU.Build.0 = Release|Any CPU
		{A50DEB6F-AD30-47B8-A646-5E6F44D8CCB3}.Release|x64.ActiveCfg = Release|Any CPU
		{A50DEB6F-AD30-47B8-A646-5E6F44D8CCB3}.Release|x64.Build.0 = Release|Any CPU
		{A50DEB6F-AD30-47B8-A646-5E6F44D8CCB3}.Release|x86.ActiveCfg = Release|Any CPU
		{A50DEB6F-AD30-47B8-A646-5E6F44D8CCB3}.Release|x86.Build.0 = Release|Any CPU
		{6239C103-E79D-4653-B3E7-C7175490EC16}.Debug|Any CPU.ActiveCfg = Debug|Any CPU
		{6239C103-E79D-4653-B3E7-C7175490EC16}.Debug|Any CPU.Build.0 = Debug|Any CPU
		{6239C103-E79D-4653-B3E7-C7175490EC16}.Debug|x64.ActiveCfg = Debug|Any CPU
		{6239C103-E79D-4653-B3E7-C7175490EC16}.Debug|x64.Build.0 = Debug|Any CPU
		{6239C103-E79D-4653-B3E7-C7175490EC16}.Debug|x86.ActiveCfg = Debug|Any CPU
		{6239C103-E79D-4653-B3E7-C7175490EC16}.Debug|x86.Build.0 = Debug|Any CPU
		{6239C103-E79D-4653-B3E7-C7175490EC16}.Release|Any CPU.ActiveCfg = Release|Any CPU
		{6239C103-E79D-4653-B3E7-C7175490EC16}.Release|Any CPU.Build.0 = Release|Any CPU
		{6239C103-E79D-4653-B3E7-C7175490EC16}.Release|x64.ActiveCfg = Release|Any CPU
		{6239C103-E79D-4653-B3E7-C7175490EC16}.Release|x64.Build.0 = Release|Any CPU
		{6239C103-E79D-4653-B3E7-C7175490EC16}.Release|x86.ActiveCfg = Release|Any CPU
		{6239C103-E79D-4653-B3E7-C7175490EC16}.Release|x86.Build.0 = Release|Any CPU
		{271D8F27-B736-482A-9D40-8394E313C185}.Debug|Any CPU.ActiveCfg = Debug|Any CPU
		{271D8F27-B736-482A-9D40-8394E313C185}.Debug|Any CPU.Build.0 = Debug|Any CPU
		{271D8F27-B736-482A-9D40-8394E313C185}.Debug|x64.ActiveCfg = Debug|Any CPU
		{271D8F27-B736-482A-9D40-8394E313C185}.Debug|x64.Build.0 = Debug|Any CPU
		{271D8F27-B736-482A-9D40-8394E313C185}.Debug|x86.ActiveCfg = Debug|Any CPU
		{271D8F27-B736-482A-9D40-8394E313C185}.Debug|x86.Build.0 = Debug|Any CPU
		{271D8F27-B736-482A-9D40-8394E313C185}.Release|Any CPU.ActiveCfg = Release|Any CPU
		{271D8F27-B736-482A-9D40-8394E313C185}.Release|Any CPU.Build.0 = Release|Any CPU
		{271D8F27-B736-482A-9D40-8394E313C185}.Release|x64.ActiveCfg = Release|Any CPU
		{271D8F27-B736-482A-9D40-8394E313C185}.Release|x64.Build.0 = Release|Any CPU
		{271D8F27-B736-482A-9D40-8394E313C185}.Release|x86.ActiveCfg = Release|Any CPU
		{271D8F27-B736-482A-9D40-8394E313C185}.Release|x86.Build.0 = Release|Any CPU
		{0CD98227-5884-412B-A29F-0AC2584D8268}.Debug|Any CPU.ActiveCfg = Debug|Any CPU
		{0CD98227-5884-412B-A29F-0AC2584D8268}.Debug|Any CPU.Build.0 = Debug|Any CPU
		{0CD98227-5884-412B-A29F-0AC2584D8268}.Debug|x64.ActiveCfg = Debug|Any CPU
		{0CD98227-5884-412B-A29F-0AC2584D8268}.Debug|x64.Build.0 = Debug|Any CPU
		{0CD98227-5884-412B-A29F-0AC2584D8268}.Debug|x86.ActiveCfg = Debug|Any CPU
		{0CD98227-5884-412B-A29F-0AC2584D8268}.Debug|x86.Build.0 = Debug|Any CPU
		{0CD98227-5884-412B-A29F-0AC2584D8268}.Release|Any CPU.ActiveCfg = Release|Any CPU
		{0CD98227-5884-412B-A29F-0AC2584D8268}.Release|Any CPU.Build.0 = Release|Any CPU
		{0CD98227-5884-412B-A29F-0AC2584D8268}.Release|x64.ActiveCfg = Release|Any CPU
		{0CD98227-5884-412B-A29F-0AC2584D8268}.Release|x64.Build.0 = Release|Any CPU
		{0CD98227-5884-412B-A29F-0AC2584D8268}.Release|x86.ActiveCfg = Release|Any CPU
		{0CD98227-5884-412B-A29F-0AC2584D8268}.Release|x86.Build.0 = Release|Any CPU
		{63166153-9561-4661-8EE7-665575E83CB9}.Debug|Any CPU.ActiveCfg = Debug|Any CPU
		{63166153-9561-4661-8EE7-665575E83CB9}.Debug|Any CPU.Build.0 = Debug|Any CPU
		{63166153-9561-4661-8EE7-665575E83CB9}.Debug|x64.ActiveCfg = Debug|Any CPU
		{63166153-9561-4661-8EE7-665575E83CB9}.Debug|x64.Build.0 = Debug|Any CPU
		{63166153-9561-4661-8EE7-665575E83CB9}.Debug|x86.ActiveCfg = Debug|Any CPU
		{63166153-9561-4661-8EE7-665575E83CB9}.Debug|x86.Build.0 = Debug|Any CPU
		{63166153-9561-4661-8EE7-665575E83CB9}.Release|Any CPU.ActiveCfg = Release|Any CPU
		{63166153-9561-4661-8EE7-665575E83CB9}.Release|Any CPU.Build.0 = Release|Any CPU
		{63166153-9561-4661-8EE7-665575E83CB9}.Release|x64.ActiveCfg = Release|Any CPU
		{63166153-9561-4661-8EE7-665575E83CB9}.Release|x64.Build.0 = Release|Any CPU
		{63166153-9561-4661-8EE7-665575E83CB9}.Release|x86.ActiveCfg = Release|Any CPU
		{63166153-9561-4661-8EE7-665575E83CB9}.Release|x86.Build.0 = Release|Any CPU
		{99C09536-1CBD-4A56-8675-F2F3384E2D60}.Debug|Any CPU.ActiveCfg = Debug|Any CPU
		{99C09536-1CBD-4A56-8675-F2F3384E2D60}.Debug|Any CPU.Build.0 = Debug|Any CPU
		{99C09536-1CBD-4A56-8675-F2F3384E2D60}.Debug|x64.ActiveCfg = Debug|Any CPU
		{99C09536-1CBD-4A56-8675-F2F3384E2D60}.Debug|x64.Build.0 = Debug|Any CPU
		{99C09536-1CBD-4A56-8675-F2F3384E2D60}.Debug|x86.ActiveCfg = Debug|Any CPU
		{99C09536-1CBD-4A56-8675-F2F3384E2D60}.Debug|x86.Build.0 = Debug|Any CPU
		{99C09536-1CBD-4A56-8675-F2F3384E2D60}.Release|Any CPU.ActiveCfg = Release|Any CPU
		{99C09536-1CBD-4A56-8675-F2F3384E2D60}.Release|Any CPU.Build.0 = Release|Any CPU
		{99C09536-1CBD-4A56-8675-F2F3384E2D60}.Release|x64.ActiveCfg = Release|Any CPU
		{99C09536-1CBD-4A56-8675-F2F3384E2D60}.Release|x64.Build.0 = Release|Any CPU
		{99C09536-1CBD-4A56-8675-F2F3384E2D60}.Release|x86.ActiveCfg = Release|Any CPU
		{99C09536-1CBD-4A56-8675-F2F3384E2D60}.Release|x86.Build.0 = Release|Any CPU
		{C2F748FD-ADEC-4959-AB92-C66843B7762E}.Debug|Any CPU.ActiveCfg = Debug|Any CPU
		{C2F748FD-ADEC-4959-AB92-C66843B7762E}.Debug|Any CPU.Build.0 = Debug|Any CPU
		{C2F748FD-ADEC-4959-AB92-C66843B7762E}.Debug|x64.ActiveCfg = Debug|Any CPU
		{C2F748FD-ADEC-4959-AB92-C66843B7762E}.Debug|x64.Build.0 = Debug|Any CPU
		{C2F748FD-ADEC-4959-AB92-C66843B7762E}.Debug|x86.ActiveCfg = Debug|Any CPU
		{C2F748FD-ADEC-4959-AB92-C66843B7762E}.Debug|x86.Build.0 = Debug|Any CPU
		{C2F748FD-ADEC-4959-AB92-C66843B7762E}.Release|Any CPU.ActiveCfg = Release|Any CPU
		{C2F748FD-ADEC-4959-AB92-C66843B7762E}.Release|Any CPU.Build.0 = Release|Any CPU
		{C2F748FD-ADEC-4959-AB92-C66843B7762E}.Release|x64.ActiveCfg = Release|Any CPU
		{C2F748FD-ADEC-4959-AB92-C66843B7762E}.Release|x64.Build.0 = Release|Any CPU
		{C2F748FD-ADEC-4959-AB92-C66843B7762E}.Release|x86.ActiveCfg = Release|Any CPU
		{C2F748FD-ADEC-4959-AB92-C66843B7762E}.Release|x86.Build.0 = Release|Any CPU
		{8CC4ABDA-3E2E-439E-B618-758F78ECE06B}.Debug|Any CPU.ActiveCfg = Debug|Any CPU
		{8CC4ABDA-3E2E-439E-B618-758F78ECE06B}.Debug|Any CPU.Build.0 = Debug|Any CPU
		{8CC4ABDA-3E2E-439E-B618-758F78ECE06B}.Debug|x64.ActiveCfg = Debug|Any CPU
		{8CC4ABDA-3E2E-439E-B618-758F78ECE06B}.Debug|x64.Build.0 = Debug|Any CPU
		{8CC4ABDA-3E2E-439E-B618-758F78ECE06B}.Debug|x86.ActiveCfg = Debug|Any CPU
		{8CC4ABDA-3E2E-439E-B618-758F78ECE06B}.Debug|x86.Build.0 = Debug|Any CPU
		{8CC4ABDA-3E2E-439E-B618-758F78ECE06B}.Release|Any CPU.ActiveCfg = Release|Any CPU
		{8CC4ABDA-3E2E-439E-B618-758F78ECE06B}.Release|Any CPU.Build.0 = Release|Any CPU
		{8CC4ABDA-3E2E-439E-B618-758F78ECE06B}.Release|x64.ActiveCfg = Release|Any CPU
		{8CC4ABDA-3E2E-439E-B618-758F78ECE06B}.Release|x64.Build.0 = Release|Any CPU
		{8CC4ABDA-3E2E-439E-B618-758F78ECE06B}.Release|x86.ActiveCfg = Release|Any CPU
		{8CC4ABDA-3E2E-439E-B618-758F78ECE06B}.Release|x86.Build.0 = Release|Any CPU
		{787A3F84-0D04-4A08-96E6-B41C125C4107}.Debug|Any CPU.ActiveCfg = Debug|Any CPU
		{787A3F84-0D04-4A08-96E6-B41C125C4107}.Debug|Any CPU.Build.0 = Debug|Any CPU
		{787A3F84-0D04-4A08-96E6-B41C125C4107}.Debug|x64.ActiveCfg = Debug|Any CPU
		{787A3F84-0D04-4A08-96E6-B41C125C4107}.Debug|x64.Build.0 = Debug|Any CPU
		{787A3F84-0D04-4A08-96E6-B41C125C4107}.Debug|x86.ActiveCfg = Debug|Any CPU
		{787A3F84-0D04-4A08-96E6-B41C125C4107}.Debug|x86.Build.0 = Debug|Any CPU
		{787A3F84-0D04-4A08-96E6-B41C125C4107}.Release|Any CPU.ActiveCfg = Release|Any CPU
		{787A3F84-0D04-4A08-96E6-B41C125C4107}.Release|Any CPU.Build.0 = Release|Any CPU
		{787A3F84-0D04-4A08-96E6-B41C125C4107}.Release|x64.ActiveCfg = Release|Any CPU
		{787A3F84-0D04-4A08-96E6-B41C125C4107}.Release|x64.Build.0 = Release|Any CPU
		{787A3F84-0D04-4A08-96E6-B41C125C4107}.Release|x86.ActiveCfg = Release|Any CPU
		{787A3F84-0D04-4A08-96E6-B41C125C4107}.Release|x86.Build.0 = Release|Any CPU
		{10C062F9-60E5-4F46-A8A2-873D93C6D9B2}.Debug|Any CPU.ActiveCfg = Debug|Any CPU
		{10C062F9-60E5-4F46-A8A2-873D93C6D9B2}.Debug|Any CPU.Build.0 = Debug|Any CPU
		{10C062F9-60E5-4F46-A8A2-873D93C6D9B2}.Debug|x64.ActiveCfg = Debug|Any CPU
		{10C062F9-60E5-4F46-A8A2-873D93C6D9B2}.Debug|x64.Build.0 = Debug|Any CPU
		{10C062F9-60E5-4F46-A8A2-873D93C6D9B2}.Debug|x86.ActiveCfg = Debug|Any CPU
		{10C062F9-60E5-4F46-A8A2-873D93C6D9B2}.Debug|x86.Build.0 = Debug|Any CPU
		{10C062F9-60E5-4F46-A8A2-873D93C6D9B2}.Release|Any CPU.ActiveCfg = Release|Any CPU
		{10C062F9-60E5-4F46-A8A2-873D93C6D9B2}.Release|Any CPU.Build.0 = Release|Any CPU
		{10C062F9-60E5-4F46-A8A2-873D93C6D9B2}.Release|x64.ActiveCfg = Release|Any CPU
		{10C062F9-60E5-4F46-A8A2-873D93C6D9B2}.Release|x64.Build.0 = Release|Any CPU
		{10C062F9-60E5-4F46-A8A2-873D93C6D9B2}.Release|x86.ActiveCfg = Release|Any CPU
		{10C062F9-60E5-4F46-A8A2-873D93C6D9B2}.Release|x86.Build.0 = Release|Any CPU
		{433E27D6-7B99-47FE-B213-9C0EEBFE9D3E}.Debug|Any CPU.ActiveCfg = Debug|Any CPU
		{433E27D6-7B99-47FE-B213-9C0EEBFE9D3E}.Debug|Any CPU.Build.0 = Debug|Any CPU
		{433E27D6-7B99-47FE-B213-9C0EEBFE9D3E}.Debug|x64.ActiveCfg = Debug|Any CPU
		{433E27D6-7B99-47FE-B213-9C0EEBFE9D3E}.Debug|x64.Build.0 = Debug|Any CPU
		{433E27D6-7B99-47FE-B213-9C0EEBFE9D3E}.Debug|x86.ActiveCfg = Debug|Any CPU
		{433E27D6-7B99-47FE-B213-9C0EEBFE9D3E}.Debug|x86.Build.0 = Debug|Any CPU
		{433E27D6-7B99-47FE-B213-9C0EEBFE9D3E}.Release|Any CPU.ActiveCfg = Release|Any CPU
		{433E27D6-7B99-47FE-B213-9C0EEBFE9D3E}.Release|Any CPU.Build.0 = Release|Any CPU
		{433E27D6-7B99-47FE-B213-9C0EEBFE9D3E}.Release|x64.ActiveCfg = Release|Any CPU
		{433E27D6-7B99-47FE-B213-9C0EEBFE9D3E}.Release|x64.Build.0 = Release|Any CPU
		{433E27D6-7B99-47FE-B213-9C0EEBFE9D3E}.Release|x86.ActiveCfg = Release|Any CPU
		{433E27D6-7B99-47FE-B213-9C0EEBFE9D3E}.Release|x86.Build.0 = Release|Any CPU
		{AEFB46CA-B741-4830-A900-AE5E1D02E5A3}.Debug|Any CPU.ActiveCfg = Debug|Any CPU
		{AEFB46CA-B741-4830-A900-AE5E1D02E5A3}.Debug|Any CPU.Build.0 = Debug|Any CPU
		{AEFB46CA-B741-4830-A900-AE5E1D02E5A3}.Debug|x64.ActiveCfg = Debug|Any CPU
		{AEFB46CA-B741-4830-A900-AE5E1D02E5A3}.Debug|x64.Build.0 = Debug|Any CPU
		{AEFB46CA-B741-4830-A900-AE5E1D02E5A3}.Debug|x86.ActiveCfg = Debug|Any CPU
		{AEFB46CA-B741-4830-A900-AE5E1D02E5A3}.Debug|x86.Build.0 = Debug|Any CPU
		{AEFB46CA-B741-4830-A900-AE5E1D02E5A3}.Release|Any CPU.ActiveCfg = Release|Any CPU
		{AEFB46CA-B741-4830-A900-AE5E1D02E5A3}.Release|Any CPU.Build.0 = Release|Any CPU
		{AEFB46CA-B741-4830-A900-AE5E1D02E5A3}.Release|x64.ActiveCfg = Release|Any CPU
		{AEFB46CA-B741-4830-A900-AE5E1D02E5A3}.Release|x64.Build.0 = Release|Any CPU
		{AEFB46CA-B741-4830-A900-AE5E1D02E5A3}.Release|x86.ActiveCfg = Release|Any CPU
		{AEFB46CA-B741-4830-A900-AE5E1D02E5A3}.Release|x86.Build.0 = Release|Any CPU
		{7D5FE2CC-1EE7-480A-A9E5-B2D3BD9E662A}.Debug|Any CPU.ActiveCfg = Debug|Any CPU
		{7D5FE2CC-1EE7-480A-A9E5-B2D3BD9E662A}.Debug|Any CPU.Build.0 = Debug|Any CPU
		{7D5FE2CC-1EE7-480A-A9E5-B2D3BD9E662A}.Debug|x64.ActiveCfg = Debug|Any CPU
		{7D5FE2CC-1EE7-480A-A9E5-B2D3BD9E662A}.Debug|x64.Build.0 = Debug|Any CPU
		{7D5FE2CC-1EE7-480A-A9E5-B2D3BD9E662A}.Debug|x86.ActiveCfg = Debug|Any CPU
		{7D5FE2CC-1EE7-480A-A9E5-B2D3BD9E662A}.Debug|x86.Build.0 = Debug|Any CPU
		{7D5FE2CC-1EE7-480A-A9E5-B2D3BD9E662A}.Release|Any CPU.ActiveCfg = Release|Any CPU
		{7D5FE2CC-1EE7-480A-A9E5-B2D3BD9E662A}.Release|Any CPU.Build.0 = Release|Any CPU
		{7D5FE2CC-1EE7-480A-A9E5-B2D3BD9E662A}.Release|x64.ActiveCfg = Release|Any CPU
		{7D5FE2CC-1EE7-480A-A9E5-B2D3BD9E662A}.Release|x64.Build.0 = Release|Any CPU
		{7D5FE2CC-1EE7-480A-A9E5-B2D3BD9E662A}.Release|x86.ActiveCfg = Release|Any CPU
		{7D5FE2CC-1EE7-480A-A9E5-B2D3BD9E662A}.Release|x86.Build.0 = Release|Any CPU
		{6D48990D-0D24-4B7D-9BA6-DE2F9091767D}.Debug|Any CPU.ActiveCfg = Debug|Any CPU
		{6D48990D-0D24-4B7D-9BA6-DE2F9091767D}.Debug|Any CPU.Build.0 = Debug|Any CPU
		{6D48990D-0D24-4B7D-9BA6-DE2F9091767D}.Debug|x64.ActiveCfg = Debug|Any CPU
		{6D48990D-0D24-4B7D-9BA6-DE2F9091767D}.Debug|x64.Build.0 = Debug|Any CPU
		{6D48990D-0D24-4B7D-9BA6-DE2F9091767D}.Debug|x86.ActiveCfg = Debug|Any CPU
		{6D48990D-0D24-4B7D-9BA6-DE2F9091767D}.Debug|x86.Build.0 = Debug|Any CPU
		{6D48990D-0D24-4B7D-9BA6-DE2F9091767D}.Release|Any CPU.ActiveCfg = Release|Any CPU
		{6D48990D-0D24-4B7D-9BA6-DE2F9091767D}.Release|Any CPU.Build.0 = Release|Any CPU
		{6D48990D-0D24-4B7D-9BA6-DE2F9091767D}.Release|x64.ActiveCfg = Release|Any CPU
		{6D48990D-0D24-4B7D-9BA6-DE2F9091767D}.Release|x64.Build.0 = Release|Any CPU
		{6D48990D-0D24-4B7D-9BA6-DE2F9091767D}.Release|x86.ActiveCfg = Release|Any CPU
		{6D48990D-0D24-4B7D-9BA6-DE2F9091767D}.Release|x86.Build.0 = Release|Any CPU
		{408A2304-A53C-4775-B67B-DE6F572DBB7C}.Debug|Any CPU.ActiveCfg = Debug|Any CPU
		{408A2304-A53C-4775-B67B-DE6F572DBB7C}.Debug|Any CPU.Build.0 = Debug|Any CPU
		{408A2304-A53C-4775-B67B-DE6F572DBB7C}.Debug|x64.ActiveCfg = Debug|Any CPU
		{408A2304-A53C-4775-B67B-DE6F572DBB7C}.Debug|x64.Build.0 = Debug|Any CPU
		{408A2304-A53C-4775-B67B-DE6F572DBB7C}.Debug|x86.ActiveCfg = Debug|Any CPU
		{408A2304-A53C-4775-B67B-DE6F572DBB7C}.Debug|x86.Build.0 = Debug|Any CPU
		{408A2304-A53C-4775-B67B-DE6F572DBB7C}.Release|Any CPU.ActiveCfg = Release|Any CPU
		{408A2304-A53C-4775-B67B-DE6F572DBB7C}.Release|Any CPU.Build.0 = Release|Any CPU
		{408A2304-A53C-4775-B67B-DE6F572DBB7C}.Release|x64.ActiveCfg = Release|Any CPU
		{408A2304-A53C-4775-B67B-DE6F572DBB7C}.Release|x64.Build.0 = Release|Any CPU
		{408A2304-A53C-4775-B67B-DE6F572DBB7C}.Release|x86.ActiveCfg = Release|Any CPU
		{408A2304-A53C-4775-B67B-DE6F572DBB7C}.Release|x86.Build.0 = Release|Any CPU
		{9B067312-CB5E-4920-8154-32DC1111FD3B}.Debug|Any CPU.ActiveCfg = Debug|Any CPU
		{9B067312-CB5E-4920-8154-32DC1111FD3B}.Debug|Any CPU.Build.0 = Debug|Any CPU
		{9B067312-CB5E-4920-8154-32DC1111FD3B}.Debug|x64.ActiveCfg = Debug|Any CPU
		{9B067312-CB5E-4920-8154-32DC1111FD3B}.Debug|x64.Build.0 = Debug|Any CPU
		{9B067312-CB5E-4920-8154-32DC1111FD3B}.Debug|x86.ActiveCfg = Debug|Any CPU
		{9B067312-CB5E-4920-8154-32DC1111FD3B}.Debug|x86.Build.0 = Debug|Any CPU
		{9B067312-CB5E-4920-8154-32DC1111FD3B}.Release|Any CPU.ActiveCfg = Release|Any CPU
		{9B067312-CB5E-4920-8154-32DC1111FD3B}.Release|Any CPU.Build.0 = Release|Any CPU
		{9B067312-CB5E-4920-8154-32DC1111FD3B}.Release|x64.ActiveCfg = Release|Any CPU
		{9B067312-CB5E-4920-8154-32DC1111FD3B}.Release|x64.Build.0 = Release|Any CPU
		{9B067312-CB5E-4920-8154-32DC1111FD3B}.Release|x86.ActiveCfg = Release|Any CPU
		{9B067312-CB5E-4920-8154-32DC1111FD3B}.Release|x86.Build.0 = Release|Any CPU
		{9DF2E777-10FC-408B-827D-C9F03DAB700D}.Debug|Any CPU.ActiveCfg = Debug|Any CPU
		{9DF2E777-10FC-408B-827D-C9F03DAB700D}.Debug|Any CPU.Build.0 = Debug|Any CPU
		{9DF2E777-10FC-408B-827D-C9F03DAB700D}.Debug|x64.ActiveCfg = Debug|Any CPU
		{9DF2E777-10FC-408B-827D-C9F03DAB700D}.Debug|x64.Build.0 = Debug|Any CPU
		{9DF2E777-10FC-408B-827D-C9F03DAB700D}.Debug|x86.ActiveCfg = Debug|Any CPU
		{9DF2E777-10FC-408B-827D-C9F03DAB700D}.Debug|x86.Build.0 = Debug|Any CPU
		{9DF2E777-10FC-408B-827D-C9F03DAB700D}.Release|Any CPU.ActiveCfg = Release|Any CPU
		{9DF2E777-10FC-408B-827D-C9F03DAB700D}.Release|Any CPU.Build.0 = Release|Any CPU
		{9DF2E777-10FC-408B-827D-C9F03DAB700D}.Release|x64.ActiveCfg = Release|Any CPU
		{9DF2E777-10FC-408B-827D-C9F03DAB700D}.Release|x64.Build.0 = Release|Any CPU
		{9DF2E777-10FC-408B-827D-C9F03DAB700D}.Release|x86.ActiveCfg = Release|Any CPU
		{9DF2E777-10FC-408B-827D-C9F03DAB700D}.Release|x86.Build.0 = Release|Any CPU
		{E4FC4945-CFB6-4A1C-B00E-2561E9E23C71}.Debug|Any CPU.ActiveCfg = Debug|Any CPU
		{E4FC4945-CFB6-4A1C-B00E-2561E9E23C71}.Debug|Any CPU.Build.0 = Debug|Any CPU
		{E4FC4945-CFB6-4A1C-B00E-2561E9E23C71}.Debug|x64.ActiveCfg = Debug|Any CPU
		{E4FC4945-CFB6-4A1C-B00E-2561E9E23C71}.Debug|x64.Build.0 = Debug|Any CPU
		{E4FC4945-CFB6-4A1C-B00E-2561E9E23C71}.Debug|x86.ActiveCfg = Debug|Any CPU
		{E4FC4945-CFB6-4A1C-B00E-2561E9E23C71}.Debug|x86.Build.0 = Debug|Any CPU
		{E4FC4945-CFB6-4A1C-B00E-2561E9E23C71}.Release|Any CPU.ActiveCfg = Release|Any CPU
		{E4FC4945-CFB6-4A1C-B00E-2561E9E23C71}.Release|Any CPU.Build.0 = Release|Any CPU
		{E4FC4945-CFB6-4A1C-B00E-2561E9E23C71}.Release|x64.ActiveCfg = Release|Any CPU
		{E4FC4945-CFB6-4A1C-B00E-2561E9E23C71}.Release|x64.Build.0 = Release|Any CPU
		{E4FC4945-CFB6-4A1C-B00E-2561E9E23C71}.Release|x86.ActiveCfg = Release|Any CPU
		{E4FC4945-CFB6-4A1C-B00E-2561E9E23C71}.Release|x86.Build.0 = Release|Any CPU
		{636F1E1F-4051-435C-82A2-A3C0CD8FFAE6}.Debug|Any CPU.ActiveCfg = Debug|Any CPU
		{636F1E1F-4051-435C-82A2-A3C0CD8FFAE6}.Debug|Any CPU.Build.0 = Debug|Any CPU
		{636F1E1F-4051-435C-82A2-A3C0CD8FFAE6}.Debug|x64.ActiveCfg = Debug|Any CPU
		{636F1E1F-4051-435C-82A2-A3C0CD8FFAE6}.Debug|x64.Build.0 = Debug|Any CPU
		{636F1E1F-4051-435C-82A2-A3C0CD8FFAE6}.Debug|x86.ActiveCfg = Debug|Any CPU
		{636F1E1F-4051-435C-82A2-A3C0CD8FFAE6}.Debug|x86.Build.0 = Debug|Any CPU
		{636F1E1F-4051-435C-82A2-A3C0CD8FFAE6}.Release|Any CPU.ActiveCfg = Release|Any CPU
		{636F1E1F-4051-435C-82A2-A3C0CD8FFAE6}.Release|Any CPU.Build.0 = Release|Any CPU
		{636F1E1F-4051-435C-82A2-A3C0CD8FFAE6}.Release|x64.ActiveCfg = Release|Any CPU
		{636F1E1F-4051-435C-82A2-A3C0CD8FFAE6}.Release|x64.Build.0 = Release|Any CPU
		{636F1E1F-4051-435C-82A2-A3C0CD8FFAE6}.Release|x86.ActiveCfg = Release|Any CPU
		{636F1E1F-4051-435C-82A2-A3C0CD8FFAE6}.Release|x86.Build.0 = Release|Any CPU
		{4151ACCD-B5A4-47B7-9B3D-652251B95D52}.Debug|Any CPU.ActiveCfg = Debug|Any CPU
		{4151ACCD-B5A4-47B7-9B3D-652251B95D52}.Debug|Any CPU.Build.0 = Debug|Any CPU
		{4151ACCD-B5A4-47B7-9B3D-652251B95D52}.Debug|x64.ActiveCfg = Debug|Any CPU
		{4151ACCD-B5A4-47B7-9B3D-652251B95D52}.Debug|x64.Build.0 = Debug|Any CPU
		{4151ACCD-B5A4-47B7-9B3D-652251B95D52}.Debug|x86.ActiveCfg = Debug|Any CPU
		{4151ACCD-B5A4-47B7-9B3D-652251B95D52}.Debug|x86.Build.0 = Debug|Any CPU
		{4151ACCD-B5A4-47B7-9B3D-652251B95D52}.Release|Any CPU.ActiveCfg = Release|Any CPU
		{4151ACCD-B5A4-47B7-9B3D-652251B95D52}.Release|Any CPU.Build.0 = Release|Any CPU
		{4151ACCD-B5A4-47B7-9B3D-652251B95D52}.Release|x64.ActiveCfg = Release|Any CPU
		{4151ACCD-B5A4-47B7-9B3D-652251B95D52}.Release|x64.Build.0 = Release|Any CPU
		{4151ACCD-B5A4-47B7-9B3D-652251B95D52}.Release|x86.ActiveCfg = Release|Any CPU
		{4151ACCD-B5A4-47B7-9B3D-652251B95D52}.Release|x86.Build.0 = Release|Any CPU
		{F3744A9B-A0A5-4BB1-B0ED-3754139DEE2B}.Debug|Any CPU.ActiveCfg = Debug|Any CPU
		{F3744A9B-A0A5-4BB1-B0ED-3754139DEE2B}.Debug|Any CPU.Build.0 = Debug|Any CPU
		{F3744A9B-A0A5-4BB1-B0ED-3754139DEE2B}.Debug|x64.ActiveCfg = Debug|Any CPU
		{F3744A9B-A0A5-4BB1-B0ED-3754139DEE2B}.Debug|x64.Build.0 = Debug|Any CPU
		{F3744A9B-A0A5-4BB1-B0ED-3754139DEE2B}.Debug|x86.ActiveCfg = Debug|Any CPU
		{F3744A9B-A0A5-4BB1-B0ED-3754139DEE2B}.Debug|x86.Build.0 = Debug|Any CPU
		{F3744A9B-A0A5-4BB1-B0ED-3754139DEE2B}.Release|Any CPU.ActiveCfg = Release|Any CPU
		{F3744A9B-A0A5-4BB1-B0ED-3754139DEE2B}.Release|Any CPU.Build.0 = Release|Any CPU
		{F3744A9B-A0A5-4BB1-B0ED-3754139DEE2B}.Release|x64.ActiveCfg = Release|Any CPU
		{F3744A9B-A0A5-4BB1-B0ED-3754139DEE2B}.Release|x64.Build.0 = Release|Any CPU
		{F3744A9B-A0A5-4BB1-B0ED-3754139DEE2B}.Release|x86.ActiveCfg = Release|Any CPU
		{F3744A9B-A0A5-4BB1-B0ED-3754139DEE2B}.Release|x86.Build.0 = Release|Any CPU
		{C3B69762-192A-4BD0-AB32-0907E1BCB8F5}.Debug|Any CPU.ActiveCfg = Debug|Any CPU
		{C3B69762-192A-4BD0-AB32-0907E1BCB8F5}.Debug|Any CPU.Build.0 = Debug|Any CPU
		{C3B69762-192A-4BD0-AB32-0907E1BCB8F5}.Debug|x64.ActiveCfg = Debug|Any CPU
		{C3B69762-192A-4BD0-AB32-0907E1BCB8F5}.Debug|x64.Build.0 = Debug|Any CPU
		{C3B69762-192A-4BD0-AB32-0907E1BCB8F5}.Debug|x86.ActiveCfg = Debug|Any CPU
		{C3B69762-192A-4BD0-AB32-0907E1BCB8F5}.Debug|x86.Build.0 = Debug|Any CPU
		{C3B69762-192A-4BD0-AB32-0907E1BCB8F5}.Release|Any CPU.ActiveCfg = Release|Any CPU
		{C3B69762-192A-4BD0-AB32-0907E1BCB8F5}.Release|Any CPU.Build.0 = Release|Any CPU
		{C3B69762-192A-4BD0-AB32-0907E1BCB8F5}.Release|x64.ActiveCfg = Release|Any CPU
		{C3B69762-192A-4BD0-AB32-0907E1BCB8F5}.Release|x64.Build.0 = Release|Any CPU
		{C3B69762-192A-4BD0-AB32-0907E1BCB8F5}.Release|x86.ActiveCfg = Release|Any CPU
		{C3B69762-192A-4BD0-AB32-0907E1BCB8F5}.Release|x86.Build.0 = Release|Any CPU
		{D45844FE-D313-4EFE-99A3-38537422F7DE}.Debug|Any CPU.ActiveCfg = Debug|Any CPU
		{D45844FE-D313-4EFE-99A3-38537422F7DE}.Debug|Any CPU.Build.0 = Debug|Any CPU
		{D45844FE-D313-4EFE-99A3-38537422F7DE}.Debug|x64.ActiveCfg = Debug|Any CPU
		{D45844FE-D313-4EFE-99A3-38537422F7DE}.Debug|x64.Build.0 = Debug|Any CPU
		{D45844FE-D313-4EFE-99A3-38537422F7DE}.Debug|x86.ActiveCfg = Debug|Any CPU
		{D45844FE-D313-4EFE-99A3-38537422F7DE}.Debug|x86.Build.0 = Debug|Any CPU
		{D45844FE-D313-4EFE-99A3-38537422F7DE}.Release|Any CPU.ActiveCfg = Release|Any CPU
		{D45844FE-D313-4EFE-99A3-38537422F7DE}.Release|Any CPU.Build.0 = Release|Any CPU
		{D45844FE-D313-4EFE-99A3-38537422F7DE}.Release|x64.ActiveCfg = Release|Any CPU
		{D45844FE-D313-4EFE-99A3-38537422F7DE}.Release|x64.Build.0 = Release|Any CPU
		{D45844FE-D313-4EFE-99A3-38537422F7DE}.Release|x86.ActiveCfg = Release|Any CPU
		{D45844FE-D313-4EFE-99A3-38537422F7DE}.Release|x86.Build.0 = Release|Any CPU
		{E717029B-4AF5-4A16-B48B-4882DDE04F31}.Debug|Any CPU.ActiveCfg = Debug|Any CPU
		{E717029B-4AF5-4A16-B48B-4882DDE04F31}.Debug|Any CPU.Build.0 = Debug|Any CPU
		{E717029B-4AF5-4A16-B48B-4882DDE04F31}.Debug|x64.ActiveCfg = Debug|Any CPU
		{E717029B-4AF5-4A16-B48B-4882DDE04F31}.Debug|x64.Build.0 = Debug|Any CPU
		{E717029B-4AF5-4A16-B48B-4882DDE04F31}.Debug|x86.ActiveCfg = Debug|Any CPU
		{E717029B-4AF5-4A16-B48B-4882DDE04F31}.Debug|x86.Build.0 = Debug|Any CPU
		{E717029B-4AF5-4A16-B48B-4882DDE04F31}.Release|Any CPU.ActiveCfg = Release|Any CPU
		{E717029B-4AF5-4A16-B48B-4882DDE04F31}.Release|Any CPU.Build.0 = Release|Any CPU
		{E717029B-4AF5-4A16-B48B-4882DDE04F31}.Release|x64.ActiveCfg = Release|Any CPU
		{E717029B-4AF5-4A16-B48B-4882DDE04F31}.Release|x64.Build.0 = Release|Any CPU
		{E717029B-4AF5-4A16-B48B-4882DDE04F31}.Release|x86.ActiveCfg = Release|Any CPU
		{E717029B-4AF5-4A16-B48B-4882DDE04F31}.Release|x86.Build.0 = Release|Any CPU
		{332C0218-7C07-4005-9620-79E422B66FD3}.Debug|Any CPU.ActiveCfg = Debug|Any CPU
		{332C0218-7C07-4005-9620-79E422B66FD3}.Debug|Any CPU.Build.0 = Debug|Any CPU
		{332C0218-7C07-4005-9620-79E422B66FD3}.Debug|x64.ActiveCfg = Debug|Any CPU
		{332C0218-7C07-4005-9620-79E422B66FD3}.Debug|x64.Build.0 = Debug|Any CPU
		{332C0218-7C07-4005-9620-79E422B66FD3}.Debug|x86.ActiveCfg = Debug|Any CPU
		{332C0218-7C07-4005-9620-79E422B66FD3}.Debug|x86.Build.0 = Debug|Any CPU
		{332C0218-7C07-4005-9620-79E422B66FD3}.Release|Any CPU.ActiveCfg = Release|Any CPU
		{332C0218-7C07-4005-9620-79E422B66FD3}.Release|Any CPU.Build.0 = Release|Any CPU
		{332C0218-7C07-4005-9620-79E422B66FD3}.Release|x64.ActiveCfg = Release|Any CPU
		{332C0218-7C07-4005-9620-79E422B66FD3}.Release|x64.Build.0 = Release|Any CPU
		{332C0218-7C07-4005-9620-79E422B66FD3}.Release|x86.ActiveCfg = Release|Any CPU
		{332C0218-7C07-4005-9620-79E422B66FD3}.Release|x86.Build.0 = Release|Any CPU
		{25FF6B0D-7C3A-4D39-9943-EC40C151E19B}.Debug|Any CPU.ActiveCfg = Debug|Any CPU
		{25FF6B0D-7C3A-4D39-9943-EC40C151E19B}.Debug|Any CPU.Build.0 = Debug|Any CPU
		{25FF6B0D-7C3A-4D39-9943-EC40C151E19B}.Debug|x64.ActiveCfg = Debug|Any CPU
		{25FF6B0D-7C3A-4D39-9943-EC40C151E19B}.Debug|x64.Build.0 = Debug|Any CPU
		{25FF6B0D-7C3A-4D39-9943-EC40C151E19B}.Debug|x86.ActiveCfg = Debug|Any CPU
		{25FF6B0D-7C3A-4D39-9943-EC40C151E19B}.Debug|x86.Build.0 = Debug|Any CPU
		{25FF6B0D-7C3A-4D39-9943-EC40C151E19B}.Release|Any CPU.ActiveCfg = Release|Any CPU
		{25FF6B0D-7C3A-4D39-9943-EC40C151E19B}.Release|Any CPU.Build.0 = Release|Any CPU
		{25FF6B0D-7C3A-4D39-9943-EC40C151E19B}.Release|x64.ActiveCfg = Release|Any CPU
		{25FF6B0D-7C3A-4D39-9943-EC40C151E19B}.Release|x64.Build.0 = Release|Any CPU
		{25FF6B0D-7C3A-4D39-9943-EC40C151E19B}.Release|x86.ActiveCfg = Release|Any CPU
		{25FF6B0D-7C3A-4D39-9943-EC40C151E19B}.Release|x86.Build.0 = Release|Any CPU
		{BA473E5F-8C6E-4AF5-8D95-740BA9DE4846}.Debug|Any CPU.ActiveCfg = Debug|Any CPU
		{BA473E5F-8C6E-4AF5-8D95-740BA9DE4846}.Debug|Any CPU.Build.0 = Debug|Any CPU
		{BA473E5F-8C6E-4AF5-8D95-740BA9DE4846}.Debug|x64.ActiveCfg = Debug|Any CPU
		{BA473E5F-8C6E-4AF5-8D95-740BA9DE4846}.Debug|x64.Build.0 = Debug|Any CPU
		{BA473E5F-8C6E-4AF5-8D95-740BA9DE4846}.Debug|x86.ActiveCfg = Debug|Any CPU
		{BA473E5F-8C6E-4AF5-8D95-740BA9DE4846}.Debug|x86.Build.0 = Debug|Any CPU
		{BA473E5F-8C6E-4AF5-8D95-740BA9DE4846}.Release|Any CPU.ActiveCfg = Release|Any CPU
		{BA473E5F-8C6E-4AF5-8D95-740BA9DE4846}.Release|Any CPU.Build.0 = Release|Any CPU
		{BA473E5F-8C6E-4AF5-8D95-740BA9DE4846}.Release|x64.ActiveCfg = Release|Any CPU
		{BA473E5F-8C6E-4AF5-8D95-740BA9DE4846}.Release|x64.Build.0 = Release|Any CPU
		{BA473E5F-8C6E-4AF5-8D95-740BA9DE4846}.Release|x86.ActiveCfg = Release|Any CPU
		{BA473E5F-8C6E-4AF5-8D95-740BA9DE4846}.Release|x86.Build.0 = Release|Any CPU
		{318A99DD-ED4A-49E7-81E2-47C3B779049D}.Debug|Any CPU.ActiveCfg = Debug|Any CPU
		{318A99DD-ED4A-49E7-81E2-47C3B779049D}.Debug|Any CPU.Build.0 = Debug|Any CPU
		{318A99DD-ED4A-49E7-81E2-47C3B779049D}.Debug|x64.ActiveCfg = Debug|Any CPU
		{318A99DD-ED4A-49E7-81E2-47C3B779049D}.Debug|x64.Build.0 = Debug|Any CPU
		{318A99DD-ED4A-49E7-81E2-47C3B779049D}.Debug|x86.ActiveCfg = Debug|Any CPU
		{318A99DD-ED4A-49E7-81E2-47C3B779049D}.Debug|x86.Build.0 = Debug|Any CPU
		{318A99DD-ED4A-49E7-81E2-47C3B779049D}.Release|Any CPU.ActiveCfg = Release|Any CPU
		{318A99DD-ED4A-49E7-81E2-47C3B779049D}.Release|Any CPU.Build.0 = Release|Any CPU
		{318A99DD-ED4A-49E7-81E2-47C3B779049D}.Release|x64.ActiveCfg = Release|Any CPU
		{318A99DD-ED4A-49E7-81E2-47C3B779049D}.Release|x64.Build.0 = Release|Any CPU
		{318A99DD-ED4A-49E7-81E2-47C3B779049D}.Release|x86.ActiveCfg = Release|Any CPU
		{318A99DD-ED4A-49E7-81E2-47C3B779049D}.Release|x86.Build.0 = Release|Any CPU
		{B90B657C-D677-471A-BA2D-02363F6D84F8}.Debug|Any CPU.ActiveCfg = Debug|Any CPU
		{B90B657C-D677-471A-BA2D-02363F6D84F8}.Debug|Any CPU.Build.0 = Debug|Any CPU
		{B90B657C-D677-471A-BA2D-02363F6D84F8}.Debug|x64.ActiveCfg = Debug|Any CPU
		{B90B657C-D677-471A-BA2D-02363F6D84F8}.Debug|x64.Build.0 = Debug|Any CPU
		{B90B657C-D677-471A-BA2D-02363F6D84F8}.Debug|x86.ActiveCfg = Debug|Any CPU
		{B90B657C-D677-471A-BA2D-02363F6D84F8}.Debug|x86.Build.0 = Debug|Any CPU
		{B90B657C-D677-471A-BA2D-02363F6D84F8}.Release|Any CPU.ActiveCfg = Release|Any CPU
		{B90B657C-D677-471A-BA2D-02363F6D84F8}.Release|Any CPU.Build.0 = Release|Any CPU
		{B90B657C-D677-471A-BA2D-02363F6D84F8}.Release|x64.ActiveCfg = Release|Any CPU
		{B90B657C-D677-471A-BA2D-02363F6D84F8}.Release|x64.Build.0 = Release|Any CPU
		{B90B657C-D677-471A-BA2D-02363F6D84F8}.Release|x86.ActiveCfg = Release|Any CPU
		{B90B657C-D677-471A-BA2D-02363F6D84F8}.Release|x86.Build.0 = Release|Any CPU
		{FE456711-C291-4B9C-89DC-45C278C3255E}.Debug|Any CPU.ActiveCfg = Debug|Any CPU
		{FE456711-C291-4B9C-89DC-45C278C3255E}.Debug|Any CPU.Build.0 = Debug|Any CPU
		{FE456711-C291-4B9C-89DC-45C278C3255E}.Debug|x64.ActiveCfg = Debug|Any CPU
		{FE456711-C291-4B9C-89DC-45C278C3255E}.Debug|x64.Build.0 = Debug|Any CPU
		{FE456711-C291-4B9C-89DC-45C278C3255E}.Debug|x86.ActiveCfg = Debug|Any CPU
		{FE456711-C291-4B9C-89DC-45C278C3255E}.Debug|x86.Build.0 = Debug|Any CPU
		{FE456711-C291-4B9C-89DC-45C278C3255E}.Release|Any CPU.ActiveCfg = Release|Any CPU
		{FE456711-C291-4B9C-89DC-45C278C3255E}.Release|Any CPU.Build.0 = Release|Any CPU
		{FE456711-C291-4B9C-89DC-45C278C3255E}.Release|x64.ActiveCfg = Release|Any CPU
		{FE456711-C291-4B9C-89DC-45C278C3255E}.Release|x64.Build.0 = Release|Any CPU
		{FE456711-C291-4B9C-89DC-45C278C3255E}.Release|x86.ActiveCfg = Release|Any CPU
		{FE456711-C291-4B9C-89DC-45C278C3255E}.Release|x86.Build.0 = Release|Any CPU
		{E0E6954C-A370-41F5-AAE0-85374EA27D33}.Debug|Any CPU.ActiveCfg = Debug|Any CPU
		{E0E6954C-A370-41F5-AAE0-85374EA27D33}.Debug|Any CPU.Build.0 = Debug|Any CPU
		{E0E6954C-A370-41F5-AAE0-85374EA27D33}.Debug|x64.ActiveCfg = Debug|Any CPU
		{E0E6954C-A370-41F5-AAE0-85374EA27D33}.Debug|x64.Build.0 = Debug|Any CPU
		{E0E6954C-A370-41F5-AAE0-85374EA27D33}.Debug|x86.ActiveCfg = Debug|Any CPU
		{E0E6954C-A370-41F5-AAE0-85374EA27D33}.Debug|x86.Build.0 = Debug|Any CPU
		{E0E6954C-A370-41F5-AAE0-85374EA27D33}.Release|Any CPU.ActiveCfg = Release|Any CPU
		{E0E6954C-A370-41F5-AAE0-85374EA27D33}.Release|Any CPU.Build.0 = Release|Any CPU
		{E0E6954C-A370-41F5-AAE0-85374EA27D33}.Release|x64.ActiveCfg = Release|Any CPU
		{E0E6954C-A370-41F5-AAE0-85374EA27D33}.Release|x64.Build.0 = Release|Any CPU
		{E0E6954C-A370-41F5-AAE0-85374EA27D33}.Release|x86.ActiveCfg = Release|Any CPU
		{E0E6954C-A370-41F5-AAE0-85374EA27D33}.Release|x86.Build.0 = Release|Any CPU
		{824F3337-EFF1-4EB9-A071-6160CF30723A}.Debug|Any CPU.ActiveCfg = Debug|Any CPU
		{824F3337-EFF1-4EB9-A071-6160CF30723A}.Debug|Any CPU.Build.0 = Debug|Any CPU
		{824F3337-EFF1-4EB9-A071-6160CF30723A}.Debug|x64.ActiveCfg = Debug|Any CPU
		{824F3337-EFF1-4EB9-A071-6160CF30723A}.Debug|x64.Build.0 = Debug|Any CPU
		{824F3337-EFF1-4EB9-A071-6160CF30723A}.Debug|x86.ActiveCfg = Debug|Any CPU
		{824F3337-EFF1-4EB9-A071-6160CF30723A}.Debug|x86.Build.0 = Debug|Any CPU
		{824F3337-EFF1-4EB9-A071-6160CF30723A}.Release|Any CPU.ActiveCfg = Release|Any CPU
		{824F3337-EFF1-4EB9-A071-6160CF30723A}.Release|Any CPU.Build.0 = Release|Any CPU
		{824F3337-EFF1-4EB9-A071-6160CF30723A}.Release|x64.ActiveCfg = Release|Any CPU
		{824F3337-EFF1-4EB9-A071-6160CF30723A}.Release|x64.Build.0 = Release|Any CPU
		{824F3337-EFF1-4EB9-A071-6160CF30723A}.Release|x86.ActiveCfg = Release|Any CPU
		{824F3337-EFF1-4EB9-A071-6160CF30723A}.Release|x86.Build.0 = Release|Any CPU
		{9AE59386-22E0-4DB8-B333-065E84544BF6}.Debug|Any CPU.ActiveCfg = Debug|Any CPU
		{9AE59386-22E0-4DB8-B333-065E84544BF6}.Debug|Any CPU.Build.0 = Debug|Any CPU
		{9AE59386-22E0-4DB8-B333-065E84544BF6}.Debug|x64.ActiveCfg = Debug|Any CPU
		{9AE59386-22E0-4DB8-B333-065E84544BF6}.Debug|x64.Build.0 = Debug|Any CPU
		{9AE59386-22E0-4DB8-B333-065E84544BF6}.Debug|x86.ActiveCfg = Debug|Any CPU
		{9AE59386-22E0-4DB8-B333-065E84544BF6}.Debug|x86.Build.0 = Debug|Any CPU
		{9AE59386-22E0-4DB8-B333-065E84544BF6}.Release|Any CPU.ActiveCfg = Release|Any CPU
		{9AE59386-22E0-4DB8-B333-065E84544BF6}.Release|Any CPU.Build.0 = Release|Any CPU
		{9AE59386-22E0-4DB8-B333-065E84544BF6}.Release|x64.ActiveCfg = Release|Any CPU
		{9AE59386-22E0-4DB8-B333-065E84544BF6}.Release|x64.Build.0 = Release|Any CPU
		{9AE59386-22E0-4DB8-B333-065E84544BF6}.Release|x86.ActiveCfg = Release|Any CPU
		{9AE59386-22E0-4DB8-B333-065E84544BF6}.Release|x86.Build.0 = Release|Any CPU
		{4BBC7051-51D2-4440-B0A3-9A46AD9F5A24}.Debug|Any CPU.ActiveCfg = Debug|Any CPU
		{4BBC7051-51D2-4440-B0A3-9A46AD9F5A24}.Debug|Any CPU.Build.0 = Debug|Any CPU
		{4BBC7051-51D2-4440-B0A3-9A46AD9F5A24}.Debug|x64.ActiveCfg = Debug|Any CPU
		{4BBC7051-51D2-4440-B0A3-9A46AD9F5A24}.Debug|x64.Build.0 = Debug|Any CPU
		{4BBC7051-51D2-4440-B0A3-9A46AD9F5A24}.Debug|x86.ActiveCfg = Debug|Any CPU
		{4BBC7051-51D2-4440-B0A3-9A46AD9F5A24}.Debug|x86.Build.0 = Debug|Any CPU
		{4BBC7051-51D2-4440-B0A3-9A46AD9F5A24}.Release|Any CPU.ActiveCfg = Release|Any CPU
		{4BBC7051-51D2-4440-B0A3-9A46AD9F5A24}.Release|Any CPU.Build.0 = Release|Any CPU
		{4BBC7051-51D2-4440-B0A3-9A46AD9F5A24}.Release|x64.ActiveCfg = Release|Any CPU
		{4BBC7051-51D2-4440-B0A3-9A46AD9F5A24}.Release|x64.Build.0 = Release|Any CPU
		{4BBC7051-51D2-4440-B0A3-9A46AD9F5A24}.Release|x86.ActiveCfg = Release|Any CPU
		{4BBC7051-51D2-4440-B0A3-9A46AD9F5A24}.Release|x86.Build.0 = Release|Any CPU
		{64980491-1E48-4A61-9FCE-842A20BEFAD2}.Debug|Any CPU.ActiveCfg = Debug|Any CPU
		{64980491-1E48-4A61-9FCE-842A20BEFAD2}.Debug|Any CPU.Build.0 = Debug|Any CPU
		{64980491-1E48-4A61-9FCE-842A20BEFAD2}.Debug|x64.ActiveCfg = Debug|Any CPU
		{64980491-1E48-4A61-9FCE-842A20BEFAD2}.Debug|x64.Build.0 = Debug|Any CPU
		{64980491-1E48-4A61-9FCE-842A20BEFAD2}.Debug|x86.ActiveCfg = Debug|Any CPU
		{64980491-1E48-4A61-9FCE-842A20BEFAD2}.Debug|x86.Build.0 = Debug|Any CPU
		{64980491-1E48-4A61-9FCE-842A20BEFAD2}.Release|Any CPU.ActiveCfg = Release|Any CPU
		{64980491-1E48-4A61-9FCE-842A20BEFAD2}.Release|Any CPU.Build.0 = Release|Any CPU
		{64980491-1E48-4A61-9FCE-842A20BEFAD2}.Release|x64.ActiveCfg = Release|Any CPU
		{64980491-1E48-4A61-9FCE-842A20BEFAD2}.Release|x64.Build.0 = Release|Any CPU
		{64980491-1E48-4A61-9FCE-842A20BEFAD2}.Release|x86.ActiveCfg = Release|Any CPU
		{64980491-1E48-4A61-9FCE-842A20BEFAD2}.Release|x86.Build.0 = Release|Any CPU
		{5AEA135C-64DA-40E3-B0EF-C0C9CD1B7D32}.Debug|Any CPU.ActiveCfg = Debug|Any CPU
		{5AEA135C-64DA-40E3-B0EF-C0C9CD1B7D32}.Debug|Any CPU.Build.0 = Debug|Any CPU
		{5AEA135C-64DA-40E3-B0EF-C0C9CD1B7D32}.Debug|x64.ActiveCfg = Debug|Any CPU
		{5AEA135C-64DA-40E3-B0EF-C0C9CD1B7D32}.Debug|x64.Build.0 = Debug|Any CPU
		{5AEA135C-64DA-40E3-B0EF-C0C9CD1B7D32}.Debug|x86.ActiveCfg = Debug|Any CPU
		{5AEA135C-64DA-40E3-B0EF-C0C9CD1B7D32}.Debug|x86.Build.0 = Debug|Any CPU
		{5AEA135C-64DA-40E3-B0EF-C0C9CD1B7D32}.Release|Any CPU.ActiveCfg = Release|Any CPU
		{5AEA135C-64DA-40E3-B0EF-C0C9CD1B7D32}.Release|Any CPU.Build.0 = Release|Any CPU
		{5AEA135C-64DA-40E3-B0EF-C0C9CD1B7D32}.Release|x64.ActiveCfg = Release|Any CPU
		{5AEA135C-64DA-40E3-B0EF-C0C9CD1B7D32}.Release|x64.Build.0 = Release|Any CPU
		{5AEA135C-64DA-40E3-B0EF-C0C9CD1B7D32}.Release|x86.ActiveCfg = Release|Any CPU
		{5AEA135C-64DA-40E3-B0EF-C0C9CD1B7D32}.Release|x86.Build.0 = Release|Any CPU
		{65AEC75D-952C-4B38-AF60-741DC7967139}.Debug|Any CPU.ActiveCfg = Debug|Any CPU
		{65AEC75D-952C-4B38-AF60-741DC7967139}.Debug|Any CPU.Build.0 = Debug|Any CPU
		{65AEC75D-952C-4B38-AF60-741DC7967139}.Debug|x64.ActiveCfg = Debug|Any CPU
		{65AEC75D-952C-4B38-AF60-741DC7967139}.Debug|x64.Build.0 = Debug|Any CPU
		{65AEC75D-952C-4B38-AF60-741DC7967139}.Debug|x86.ActiveCfg = Debug|Any CPU
		{65AEC75D-952C-4B38-AF60-741DC7967139}.Debug|x86.Build.0 = Debug|Any CPU
		{65AEC75D-952C-4B38-AF60-741DC7967139}.Release|Any CPU.ActiveCfg = Release|Any CPU
		{65AEC75D-952C-4B38-AF60-741DC7967139}.Release|Any CPU.Build.0 = Release|Any CPU
		{65AEC75D-952C-4B38-AF60-741DC7967139}.Release|x64.ActiveCfg = Release|Any CPU
		{65AEC75D-952C-4B38-AF60-741DC7967139}.Release|x64.Build.0 = Release|Any CPU
		{65AEC75D-952C-4B38-AF60-741DC7967139}.Release|x86.ActiveCfg = Release|Any CPU
		{65AEC75D-952C-4B38-AF60-741DC7967139}.Release|x86.Build.0 = Release|Any CPU
		{F13BA343-B3CF-4B85-9AEF-08CBD14A380F}.Debug|Any CPU.ActiveCfg = Debug|Any CPU
		{F13BA343-B3CF-4B85-9AEF-08CBD14A380F}.Debug|Any CPU.Build.0 = Debug|Any CPU
		{F13BA343-B3CF-4B85-9AEF-08CBD14A380F}.Debug|x64.ActiveCfg = Debug|Any CPU
		{F13BA343-B3CF-4B85-9AEF-08CBD14A380F}.Debug|x64.Build.0 = Debug|Any CPU
		{F13BA343-B3CF-4B85-9AEF-08CBD14A380F}.Debug|x86.ActiveCfg = Debug|Any CPU
		{F13BA343-B3CF-4B85-9AEF-08CBD14A380F}.Debug|x86.Build.0 = Debug|Any CPU
		{F13BA343-B3CF-4B85-9AEF-08CBD14A380F}.Release|Any CPU.ActiveCfg = Release|Any CPU
		{F13BA343-B3CF-4B85-9AEF-08CBD14A380F}.Release|Any CPU.Build.0 = Release|Any CPU
		{F13BA343-B3CF-4B85-9AEF-08CBD14A380F}.Release|x64.ActiveCfg = Release|Any CPU
		{F13BA343-B3CF-4B85-9AEF-08CBD14A380F}.Release|x64.Build.0 = Release|Any CPU
		{F13BA343-B3CF-4B85-9AEF-08CBD14A380F}.Release|x86.ActiveCfg = Release|Any CPU
		{F13BA343-B3CF-4B85-9AEF-08CBD14A380F}.Release|x86.Build.0 = Release|Any CPU
		{A7A86E2D-11D6-49A6-ACFF-25DBCB093F82}.Debug|Any CPU.ActiveCfg = Debug|Any CPU
		{A7A86E2D-11D6-49A6-ACFF-25DBCB093F82}.Debug|Any CPU.Build.0 = Debug|Any CPU
		{A7A86E2D-11D6-49A6-ACFF-25DBCB093F82}.Debug|x64.ActiveCfg = Debug|Any CPU
		{A7A86E2D-11D6-49A6-ACFF-25DBCB093F82}.Debug|x64.Build.0 = Debug|Any CPU
		{A7A86E2D-11D6-49A6-ACFF-25DBCB093F82}.Debug|x86.ActiveCfg = Debug|Any CPU
		{A7A86E2D-11D6-49A6-ACFF-25DBCB093F82}.Debug|x86.Build.0 = Debug|Any CPU
		{A7A86E2D-11D6-49A6-ACFF-25DBCB093F82}.Release|Any CPU.ActiveCfg = Release|Any CPU
		{A7A86E2D-11D6-49A6-ACFF-25DBCB093F82}.Release|Any CPU.Build.0 = Release|Any CPU
		{A7A86E2D-11D6-49A6-ACFF-25DBCB093F82}.Release|x64.ActiveCfg = Release|Any CPU
		{A7A86E2D-11D6-49A6-ACFF-25DBCB093F82}.Release|x64.Build.0 = Release|Any CPU
		{A7A86E2D-11D6-49A6-ACFF-25DBCB093F82}.Release|x86.ActiveCfg = Release|Any CPU
		{A7A86E2D-11D6-49A6-ACFF-25DBCB093F82}.Release|x86.Build.0 = Release|Any CPU
		{0D75C89C-703C-446D-BE06-0675A53096E8}.Debug|Any CPU.ActiveCfg = Debug|Any CPU
		{0D75C89C-703C-446D-BE06-0675A53096E8}.Debug|Any CPU.Build.0 = Debug|Any CPU
		{0D75C89C-703C-446D-BE06-0675A53096E8}.Debug|x64.ActiveCfg = Debug|Any CPU
		{0D75C89C-703C-446D-BE06-0675A53096E8}.Debug|x64.Build.0 = Debug|Any CPU
		{0D75C89C-703C-446D-BE06-0675A53096E8}.Debug|x86.ActiveCfg = Debug|Any CPU
		{0D75C89C-703C-446D-BE06-0675A53096E8}.Debug|x86.Build.0 = Debug|Any CPU
		{0D75C89C-703C-446D-BE06-0675A53096E8}.Release|Any CPU.ActiveCfg = Release|Any CPU
		{0D75C89C-703C-446D-BE06-0675A53096E8}.Release|Any CPU.Build.0 = Release|Any CPU
		{0D75C89C-703C-446D-BE06-0675A53096E8}.Release|x64.ActiveCfg = Release|Any CPU
		{0D75C89C-703C-446D-BE06-0675A53096E8}.Release|x64.Build.0 = Release|Any CPU
		{0D75C89C-703C-446D-BE06-0675A53096E8}.Release|x86.ActiveCfg = Release|Any CPU
		{0D75C89C-703C-446D-BE06-0675A53096E8}.Release|x86.Build.0 = Release|Any CPU
		{42C28761-24C4-4405-B98C-787F8C284B56}.Debug|Any CPU.ActiveCfg = Debug|Any CPU
		{42C28761-24C4-4405-B98C-787F8C284B56}.Debug|Any CPU.Build.0 = Debug|Any CPU
		{42C28761-24C4-4405-B98C-787F8C284B56}.Debug|x64.ActiveCfg = Debug|Any CPU
		{42C28761-24C4-4405-B98C-787F8C284B56}.Debug|x64.Build.0 = Debug|Any CPU
		{42C28761-24C4-4405-B98C-787F8C284B56}.Debug|x86.ActiveCfg = Debug|Any CPU
		{42C28761-24C4-4405-B98C-787F8C284B56}.Debug|x86.Build.0 = Debug|Any CPU
		{42C28761-24C4-4405-B98C-787F8C284B56}.Release|Any CPU.ActiveCfg = Release|Any CPU
		{42C28761-24C4-4405-B98C-787F8C284B56}.Release|Any CPU.Build.0 = Release|Any CPU
		{42C28761-24C4-4405-B98C-787F8C284B56}.Release|x64.ActiveCfg = Release|Any CPU
		{42C28761-24C4-4405-B98C-787F8C284B56}.Release|x64.Build.0 = Release|Any CPU
		{42C28761-24C4-4405-B98C-787F8C284B56}.Release|x86.ActiveCfg = Release|Any CPU
		{42C28761-24C4-4405-B98C-787F8C284B56}.Release|x86.Build.0 = Release|Any CPU
		{631AF9B9-1A08-426A-916D-4DA5B7B67722}.Debug|Any CPU.ActiveCfg = Debug|Any CPU
		{631AF9B9-1A08-426A-916D-4DA5B7B67722}.Debug|Any CPU.Build.0 = Debug|Any CPU
		{631AF9B9-1A08-426A-916D-4DA5B7B67722}.Debug|x64.ActiveCfg = Debug|Any CPU
		{631AF9B9-1A08-426A-916D-4DA5B7B67722}.Debug|x64.Build.0 = Debug|Any CPU
		{631AF9B9-1A08-426A-916D-4DA5B7B67722}.Debug|x86.ActiveCfg = Debug|Any CPU
		{631AF9B9-1A08-426A-916D-4DA5B7B67722}.Debug|x86.Build.0 = Debug|Any CPU
		{631AF9B9-1A08-426A-916D-4DA5B7B67722}.Release|Any CPU.ActiveCfg = Release|Any CPU
		{631AF9B9-1A08-426A-916D-4DA5B7B67722}.Release|Any CPU.Build.0 = Release|Any CPU
		{631AF9B9-1A08-426A-916D-4DA5B7B67722}.Release|x64.ActiveCfg = Release|Any CPU
		{631AF9B9-1A08-426A-916D-4DA5B7B67722}.Release|x64.Build.0 = Release|Any CPU
		{631AF9B9-1A08-426A-916D-4DA5B7B67722}.Release|x86.ActiveCfg = Release|Any CPU
		{631AF9B9-1A08-426A-916D-4DA5B7B67722}.Release|x86.Build.0 = Release|Any CPU
		{13F0B9E6-BE87-477E-BF41-F049E6BB0C54}.Debug|Any CPU.ActiveCfg = Debug|Any CPU
		{13F0B9E6-BE87-477E-BF41-F049E6BB0C54}.Debug|Any CPU.Build.0 = Debug|Any CPU
		{13F0B9E6-BE87-477E-BF41-F049E6BB0C54}.Debug|x64.ActiveCfg = Debug|Any CPU
		{13F0B9E6-BE87-477E-BF41-F049E6BB0C54}.Debug|x64.Build.0 = Debug|Any CPU
		{13F0B9E6-BE87-477E-BF41-F049E6BB0C54}.Debug|x86.ActiveCfg = Debug|Any CPU
		{13F0B9E6-BE87-477E-BF41-F049E6BB0C54}.Debug|x86.Build.0 = Debug|Any CPU
		{13F0B9E6-BE87-477E-BF41-F049E6BB0C54}.Release|Any CPU.ActiveCfg = Release|Any CPU
		{13F0B9E6-BE87-477E-BF41-F049E6BB0C54}.Release|Any CPU.Build.0 = Release|Any CPU
		{13F0B9E6-BE87-477E-BF41-F049E6BB0C54}.Release|x64.ActiveCfg = Release|Any CPU
		{13F0B9E6-BE87-477E-BF41-F049E6BB0C54}.Release|x64.Build.0 = Release|Any CPU
		{13F0B9E6-BE87-477E-BF41-F049E6BB0C54}.Release|x86.ActiveCfg = Release|Any CPU
		{13F0B9E6-BE87-477E-BF41-F049E6BB0C54}.Release|x86.Build.0 = Release|Any CPU
		{E7F6703C-94B6-4BD5-94D0-816EA50836BF}.Debug|Any CPU.ActiveCfg = Debug|Any CPU
		{E7F6703C-94B6-4BD5-94D0-816EA50836BF}.Debug|Any CPU.Build.0 = Debug|Any CPU
		{E7F6703C-94B6-4BD5-94D0-816EA50836BF}.Debug|x64.ActiveCfg = Debug|Any CPU
		{E7F6703C-94B6-4BD5-94D0-816EA50836BF}.Debug|x64.Build.0 = Debug|Any CPU
		{E7F6703C-94B6-4BD5-94D0-816EA50836BF}.Debug|x86.ActiveCfg = Debug|Any CPU
		{E7F6703C-94B6-4BD5-94D0-816EA50836BF}.Debug|x86.Build.0 = Debug|Any CPU
		{E7F6703C-94B6-4BD5-94D0-816EA50836BF}.Release|Any CPU.ActiveCfg = Release|Any CPU
		{E7F6703C-94B6-4BD5-94D0-816EA50836BF}.Release|Any CPU.Build.0 = Release|Any CPU
		{E7F6703C-94B6-4BD5-94D0-816EA50836BF}.Release|x64.ActiveCfg = Release|Any CPU
		{E7F6703C-94B6-4BD5-94D0-816EA50836BF}.Release|x64.Build.0 = Release|Any CPU
		{E7F6703C-94B6-4BD5-94D0-816EA50836BF}.Release|x86.ActiveCfg = Release|Any CPU
		{E7F6703C-94B6-4BD5-94D0-816EA50836BF}.Release|x86.Build.0 = Release|Any CPU
		{2C67167E-D7F3-40CB-86F1-EC443A594C09}.Debug|Any CPU.ActiveCfg = Debug|Any CPU
		{2C67167E-D7F3-40CB-86F1-EC443A594C09}.Debug|Any CPU.Build.0 = Debug|Any CPU
		{2C67167E-D7F3-40CB-86F1-EC443A594C09}.Debug|x64.ActiveCfg = Debug|Any CPU
		{2C67167E-D7F3-40CB-86F1-EC443A594C09}.Debug|x64.Build.0 = Debug|Any CPU
		{2C67167E-D7F3-40CB-86F1-EC443A594C09}.Debug|x86.ActiveCfg = Debug|Any CPU
		{2C67167E-D7F3-40CB-86F1-EC443A594C09}.Debug|x86.Build.0 = Debug|Any CPU
		{2C67167E-D7F3-40CB-86F1-EC443A594C09}.Release|Any CPU.ActiveCfg = Release|Any CPU
		{2C67167E-D7F3-40CB-86F1-EC443A594C09}.Release|Any CPU.Build.0 = Release|Any CPU
		{2C67167E-D7F3-40CB-86F1-EC443A594C09}.Release|x64.ActiveCfg = Release|Any CPU
		{2C67167E-D7F3-40CB-86F1-EC443A594C09}.Release|x64.Build.0 = Release|Any CPU
		{2C67167E-D7F3-40CB-86F1-EC443A594C09}.Release|x86.ActiveCfg = Release|Any CPU
		{2C67167E-D7F3-40CB-86F1-EC443A594C09}.Release|x86.Build.0 = Release|Any CPU
		{7A32B2C8-B374-4B3F-922B-45BA1FF2C891}.Debug|Any CPU.ActiveCfg = Debug|Any CPU
		{7A32B2C8-B374-4B3F-922B-45BA1FF2C891}.Debug|Any CPU.Build.0 = Debug|Any CPU
		{7A32B2C8-B374-4B3F-922B-45BA1FF2C891}.Debug|x64.ActiveCfg = Debug|Any CPU
		{7A32B2C8-B374-4B3F-922B-45BA1FF2C891}.Debug|x64.Build.0 = Debug|Any CPU
		{7A32B2C8-B374-4B3F-922B-45BA1FF2C891}.Debug|x86.ActiveCfg = Debug|Any CPU
		{7A32B2C8-B374-4B3F-922B-45BA1FF2C891}.Debug|x86.Build.0 = Debug|Any CPU
		{7A32B2C8-B374-4B3F-922B-45BA1FF2C891}.Release|Any CPU.ActiveCfg = Release|Any CPU
		{7A32B2C8-B374-4B3F-922B-45BA1FF2C891}.Release|Any CPU.Build.0 = Release|Any CPU
		{7A32B2C8-B374-4B3F-922B-45BA1FF2C891}.Release|x64.ActiveCfg = Release|Any CPU
		{7A32B2C8-B374-4B3F-922B-45BA1FF2C891}.Release|x64.Build.0 = Release|Any CPU
		{7A32B2C8-B374-4B3F-922B-45BA1FF2C891}.Release|x86.ActiveCfg = Release|Any CPU
		{7A32B2C8-B374-4B3F-922B-45BA1FF2C891}.Release|x86.Build.0 = Release|Any CPU
		{90BA2539-4D8A-4225-B1FB-B2093775C904}.Debug|Any CPU.ActiveCfg = Debug|Any CPU
		{90BA2539-4D8A-4225-B1FB-B2093775C904}.Debug|Any CPU.Build.0 = Debug|Any CPU
		{90BA2539-4D8A-4225-B1FB-B2093775C904}.Debug|x64.ActiveCfg = Debug|Any CPU
		{90BA2539-4D8A-4225-B1FB-B2093775C904}.Debug|x64.Build.0 = Debug|Any CPU
		{90BA2539-4D8A-4225-B1FB-B2093775C904}.Debug|x86.ActiveCfg = Debug|Any CPU
		{90BA2539-4D8A-4225-B1FB-B2093775C904}.Debug|x86.Build.0 = Debug|Any CPU
		{90BA2539-4D8A-4225-B1FB-B2093775C904}.Release|Any CPU.ActiveCfg = Release|Any CPU
		{90BA2539-4D8A-4225-B1FB-B2093775C904}.Release|Any CPU.Build.0 = Release|Any CPU
		{90BA2539-4D8A-4225-B1FB-B2093775C904}.Release|x64.ActiveCfg = Release|Any CPU
		{90BA2539-4D8A-4225-B1FB-B2093775C904}.Release|x64.Build.0 = Release|Any CPU
		{90BA2539-4D8A-4225-B1FB-B2093775C904}.Release|x86.ActiveCfg = Release|Any CPU
		{90BA2539-4D8A-4225-B1FB-B2093775C904}.Release|x86.Build.0 = Release|Any CPU
		{EDFD9119-5D00-402A-A0C8-8E2DE494EB03}.Debug|Any CPU.ActiveCfg = Debug|Any CPU
		{EDFD9119-5D00-402A-A0C8-8E2DE494EB03}.Debug|Any CPU.Build.0 = Debug|Any CPU
		{EDFD9119-5D00-402A-A0C8-8E2DE494EB03}.Debug|x64.ActiveCfg = Debug|Any CPU
		{EDFD9119-5D00-402A-A0C8-8E2DE494EB03}.Debug|x64.Build.0 = Debug|Any CPU
		{EDFD9119-5D00-402A-A0C8-8E2DE494EB03}.Debug|x86.ActiveCfg = Debug|Any CPU
		{EDFD9119-5D00-402A-A0C8-8E2DE494EB03}.Debug|x86.Build.0 = Debug|Any CPU
		{EDFD9119-5D00-402A-A0C8-8E2DE494EB03}.Release|Any CPU.ActiveCfg = Release|Any CPU
		{EDFD9119-5D00-402A-A0C8-8E2DE494EB03}.Release|Any CPU.Build.0 = Release|Any CPU
		{EDFD9119-5D00-402A-A0C8-8E2DE494EB03}.Release|x64.ActiveCfg = Release|Any CPU
		{EDFD9119-5D00-402A-A0C8-8E2DE494EB03}.Release|x64.Build.0 = Release|Any CPU
		{EDFD9119-5D00-402A-A0C8-8E2DE494EB03}.Release|x86.ActiveCfg = Release|Any CPU
		{EDFD9119-5D00-402A-A0C8-8E2DE494EB03}.Release|x86.Build.0 = Release|Any CPU
		{AC24DF1F-80E7-4307-8B9F-73C697934479}.Debug|Any CPU.ActiveCfg = Debug|Any CPU
		{AC24DF1F-80E7-4307-8B9F-73C697934479}.Debug|Any CPU.Build.0 = Debug|Any CPU
		{AC24DF1F-80E7-4307-8B9F-73C697934479}.Debug|x64.ActiveCfg = Debug|Any CPU
		{AC24DF1F-80E7-4307-8B9F-73C697934479}.Debug|x64.Build.0 = Debug|Any CPU
		{AC24DF1F-80E7-4307-8B9F-73C697934479}.Debug|x86.ActiveCfg = Debug|Any CPU
		{AC24DF1F-80E7-4307-8B9F-73C697934479}.Debug|x86.Build.0 = Debug|Any CPU
		{AC24DF1F-80E7-4307-8B9F-73C697934479}.Release|Any CPU.ActiveCfg = Release|Any CPU
		{AC24DF1F-80E7-4307-8B9F-73C697934479}.Release|Any CPU.Build.0 = Release|Any CPU
		{AC24DF1F-80E7-4307-8B9F-73C697934479}.Release|x64.ActiveCfg = Release|Any CPU
		{AC24DF1F-80E7-4307-8B9F-73C697934479}.Release|x64.Build.0 = Release|Any CPU
		{AC24DF1F-80E7-4307-8B9F-73C697934479}.Release|x86.ActiveCfg = Release|Any CPU
		{AC24DF1F-80E7-4307-8B9F-73C697934479}.Release|x86.Build.0 = Release|Any CPU
		{1914A5CC-089A-4BF3-8124-BB0D7DA29DF5}.Debug|Any CPU.ActiveCfg = Debug|Any CPU
		{1914A5CC-089A-4BF3-8124-BB0D7DA29DF5}.Debug|Any CPU.Build.0 = Debug|Any CPU
		{1914A5CC-089A-4BF3-8124-BB0D7DA29DF5}.Debug|x64.ActiveCfg = Debug|Any CPU
		{1914A5CC-089A-4BF3-8124-BB0D7DA29DF5}.Debug|x64.Build.0 = Debug|Any CPU
		{1914A5CC-089A-4BF3-8124-BB0D7DA29DF5}.Debug|x86.ActiveCfg = Debug|Any CPU
		{1914A5CC-089A-4BF3-8124-BB0D7DA29DF5}.Debug|x86.Build.0 = Debug|Any CPU
		{1914A5CC-089A-4BF3-8124-BB0D7DA29DF5}.Release|Any CPU.ActiveCfg = Release|Any CPU
		{1914A5CC-089A-4BF3-8124-BB0D7DA29DF5}.Release|Any CPU.Build.0 = Release|Any CPU
		{1914A5CC-089A-4BF3-8124-BB0D7DA29DF5}.Release|x64.ActiveCfg = Release|Any CPU
		{1914A5CC-089A-4BF3-8124-BB0D7DA29DF5}.Release|x64.Build.0 = Release|Any CPU
		{1914A5CC-089A-4BF3-8124-BB0D7DA29DF5}.Release|x86.ActiveCfg = Release|Any CPU
		{1914A5CC-089A-4BF3-8124-BB0D7DA29DF5}.Release|x86.Build.0 = Release|Any CPU
		{672FE3EA-EFB2-4297-A2D1-C4901FCCEA8A}.Debug|Any CPU.ActiveCfg = Debug|Any CPU
		{672FE3EA-EFB2-4297-A2D1-C4901FCCEA8A}.Debug|Any CPU.Build.0 = Debug|Any CPU
		{672FE3EA-EFB2-4297-A2D1-C4901FCCEA8A}.Debug|x64.ActiveCfg = Debug|Any CPU
		{672FE3EA-EFB2-4297-A2D1-C4901FCCEA8A}.Debug|x64.Build.0 = Debug|Any CPU
		{672FE3EA-EFB2-4297-A2D1-C4901FCCEA8A}.Debug|x86.ActiveCfg = Debug|Any CPU
		{672FE3EA-EFB2-4297-A2D1-C4901FCCEA8A}.Debug|x86.Build.0 = Debug|Any CPU
		{672FE3EA-EFB2-4297-A2D1-C4901FCCEA8A}.Release|Any CPU.ActiveCfg = Release|Any CPU
		{672FE3EA-EFB2-4297-A2D1-C4901FCCEA8A}.Release|Any CPU.Build.0 = Release|Any CPU
		{672FE3EA-EFB2-4297-A2D1-C4901FCCEA8A}.Release|x64.ActiveCfg = Release|Any CPU
		{672FE3EA-EFB2-4297-A2D1-C4901FCCEA8A}.Release|x64.Build.0 = Release|Any CPU
		{672FE3EA-EFB2-4297-A2D1-C4901FCCEA8A}.Release|x86.ActiveCfg = Release|Any CPU
		{672FE3EA-EFB2-4297-A2D1-C4901FCCEA8A}.Release|x86.Build.0 = Release|Any CPU
		{6C05CFB8-30A1-4C6C-8DE2-BC6A7FF31E3D}.Debug|Any CPU.ActiveCfg = Debug|Any CPU
		{6C05CFB8-30A1-4C6C-8DE2-BC6A7FF31E3D}.Debug|Any CPU.Build.0 = Debug|Any CPU
		{6C05CFB8-30A1-4C6C-8DE2-BC6A7FF31E3D}.Debug|x64.ActiveCfg = Debug|Any CPU
		{6C05CFB8-30A1-4C6C-8DE2-BC6A7FF31E3D}.Debug|x64.Build.0 = Debug|Any CPU
		{6C05CFB8-30A1-4C6C-8DE2-BC6A7FF31E3D}.Debug|x86.ActiveCfg = Debug|Any CPU
		{6C05CFB8-30A1-4C6C-8DE2-BC6A7FF31E3D}.Debug|x86.Build.0 = Debug|Any CPU
		{6C05CFB8-30A1-4C6C-8DE2-BC6A7FF31E3D}.Release|Any CPU.ActiveCfg = Release|Any CPU
		{6C05CFB8-30A1-4C6C-8DE2-BC6A7FF31E3D}.Release|Any CPU.Build.0 = Release|Any CPU
		{6C05CFB8-30A1-4C6C-8DE2-BC6A7FF31E3D}.Release|x64.ActiveCfg = Release|Any CPU
		{6C05CFB8-30A1-4C6C-8DE2-BC6A7FF31E3D}.Release|x64.Build.0 = Release|Any CPU
		{6C05CFB8-30A1-4C6C-8DE2-BC6A7FF31E3D}.Release|x86.ActiveCfg = Release|Any CPU
		{6C05CFB8-30A1-4C6C-8DE2-BC6A7FF31E3D}.Release|x86.Build.0 = Release|Any CPU
		{FE589A1E-9687-4711-80DD-D9B42D5FBA81}.Debug|Any CPU.ActiveCfg = Debug|Any CPU
		{FE589A1E-9687-4711-80DD-D9B42D5FBA81}.Debug|Any CPU.Build.0 = Debug|Any CPU
		{FE589A1E-9687-4711-80DD-D9B42D5FBA81}.Debug|x64.ActiveCfg = Debug|Any CPU
		{FE589A1E-9687-4711-80DD-D9B42D5FBA81}.Debug|x64.Build.0 = Debug|Any CPU
		{FE589A1E-9687-4711-80DD-D9B42D5FBA81}.Debug|x86.ActiveCfg = Debug|Any CPU
		{FE589A1E-9687-4711-80DD-D9B42D5FBA81}.Debug|x86.Build.0 = Debug|Any CPU
		{FE589A1E-9687-4711-80DD-D9B42D5FBA81}.Release|Any CPU.ActiveCfg = Release|Any CPU
		{FE589A1E-9687-4711-80DD-D9B42D5FBA81}.Release|Any CPU.Build.0 = Release|Any CPU
		{FE589A1E-9687-4711-80DD-D9B42D5FBA81}.Release|x64.ActiveCfg = Release|Any CPU
		{FE589A1E-9687-4711-80DD-D9B42D5FBA81}.Release|x64.Build.0 = Release|Any CPU
		{FE589A1E-9687-4711-80DD-D9B42D5FBA81}.Release|x86.ActiveCfg = Release|Any CPU
		{FE589A1E-9687-4711-80DD-D9B42D5FBA81}.Release|x86.Build.0 = Release|Any CPU
		{E24B6040-2644-44B0-8B13-FC9AE6579531}.Debug|Any CPU.ActiveCfg = Debug|Any CPU
		{E24B6040-2644-44B0-8B13-FC9AE6579531}.Debug|Any CPU.Build.0 = Debug|Any CPU
		{E24B6040-2644-44B0-8B13-FC9AE6579531}.Debug|x64.ActiveCfg = Debug|Any CPU
		{E24B6040-2644-44B0-8B13-FC9AE6579531}.Debug|x64.Build.0 = Debug|Any CPU
		{E24B6040-2644-44B0-8B13-FC9AE6579531}.Debug|x86.ActiveCfg = Debug|Any CPU
		{E24B6040-2644-44B0-8B13-FC9AE6579531}.Debug|x86.Build.0 = Debug|Any CPU
		{E24B6040-2644-44B0-8B13-FC9AE6579531}.Release|Any CPU.ActiveCfg = Release|Any CPU
		{E24B6040-2644-44B0-8B13-FC9AE6579531}.Release|Any CPU.Build.0 = Release|Any CPU
		{E24B6040-2644-44B0-8B13-FC9AE6579531}.Release|x64.ActiveCfg = Release|Any CPU
		{E24B6040-2644-44B0-8B13-FC9AE6579531}.Release|x64.Build.0 = Release|Any CPU
		{E24B6040-2644-44B0-8B13-FC9AE6579531}.Release|x86.ActiveCfg = Release|Any CPU
		{E24B6040-2644-44B0-8B13-FC9AE6579531}.Release|x86.Build.0 = Release|Any CPU
		{40490278-7DE3-43FB-97A8-B5DB84A467D9}.Debug|Any CPU.ActiveCfg = Debug|Any CPU
		{40490278-7DE3-43FB-97A8-B5DB84A467D9}.Debug|Any CPU.Build.0 = Debug|Any CPU
		{40490278-7DE3-43FB-97A8-B5DB84A467D9}.Debug|x64.ActiveCfg = Debug|Any CPU
		{40490278-7DE3-43FB-97A8-B5DB84A467D9}.Debug|x64.Build.0 = Debug|Any CPU
		{40490278-7DE3-43FB-97A8-B5DB84A467D9}.Debug|x86.ActiveCfg = Debug|Any CPU
		{40490278-7DE3-43FB-97A8-B5DB84A467D9}.Debug|x86.Build.0 = Debug|Any CPU
		{40490278-7DE3-43FB-97A8-B5DB84A467D9}.Release|Any CPU.ActiveCfg = Release|Any CPU
		{40490278-7DE3-43FB-97A8-B5DB84A467D9}.Release|Any CPU.Build.0 = Release|Any CPU
		{40490278-7DE3-43FB-97A8-B5DB84A467D9}.Release|x64.ActiveCfg = Release|Any CPU
		{40490278-7DE3-43FB-97A8-B5DB84A467D9}.Release|x64.Build.0 = Release|Any CPU
		{40490278-7DE3-43FB-97A8-B5DB84A467D9}.Release|x86.ActiveCfg = Release|Any CPU
		{40490278-7DE3-43FB-97A8-B5DB84A467D9}.Release|x86.Build.0 = Release|Any CPU
		{69B4F596-6B93-41AA-8418-054B05CEB89A}.Debug|Any CPU.ActiveCfg = Debug|Any CPU
		{69B4F596-6B93-41AA-8418-054B05CEB89A}.Debug|Any CPU.Build.0 = Debug|Any CPU
		{69B4F596-6B93-41AA-8418-054B05CEB89A}.Debug|x64.ActiveCfg = Debug|Any CPU
		{69B4F596-6B93-41AA-8418-054B05CEB89A}.Debug|x64.Build.0 = Debug|Any CPU
		{69B4F596-6B93-41AA-8418-054B05CEB89A}.Debug|x86.ActiveCfg = Debug|Any CPU
		{69B4F596-6B93-41AA-8418-054B05CEB89A}.Debug|x86.Build.0 = Debug|Any CPU
		{69B4F596-6B93-41AA-8418-054B05CEB89A}.Release|Any CPU.ActiveCfg = Release|Any CPU
		{69B4F596-6B93-41AA-8418-054B05CEB89A}.Release|Any CPU.Build.0 = Release|Any CPU
		{69B4F596-6B93-41AA-8418-054B05CEB89A}.Release|x64.ActiveCfg = Release|Any CPU
		{69B4F596-6B93-41AA-8418-054B05CEB89A}.Release|x64.Build.0 = Release|Any CPU
		{69B4F596-6B93-41AA-8418-054B05CEB89A}.Release|x86.ActiveCfg = Release|Any CPU
		{69B4F596-6B93-41AA-8418-054B05CEB89A}.Release|x86.Build.0 = Release|Any CPU
		{9C775D53-9900-4052-AF0E-2D9CD19FE0B7}.Debug|Any CPU.ActiveCfg = Debug|Any CPU
		{9C775D53-9900-4052-AF0E-2D9CD19FE0B7}.Debug|Any CPU.Build.0 = Debug|Any CPU
		{9C775D53-9900-4052-AF0E-2D9CD19FE0B7}.Debug|x64.ActiveCfg = Debug|Any CPU
		{9C775D53-9900-4052-AF0E-2D9CD19FE0B7}.Debug|x64.Build.0 = Debug|Any CPU
		{9C775D53-9900-4052-AF0E-2D9CD19FE0B7}.Debug|x86.ActiveCfg = Debug|Any CPU
		{9C775D53-9900-4052-AF0E-2D9CD19FE0B7}.Debug|x86.Build.0 = Debug|Any CPU
		{9C775D53-9900-4052-AF0E-2D9CD19FE0B7}.Release|Any CPU.ActiveCfg = Release|Any CPU
		{9C775D53-9900-4052-AF0E-2D9CD19FE0B7}.Release|Any CPU.Build.0 = Release|Any CPU
		{9C775D53-9900-4052-AF0E-2D9CD19FE0B7}.Release|x64.ActiveCfg = Release|Any CPU
		{9C775D53-9900-4052-AF0E-2D9CD19FE0B7}.Release|x64.Build.0 = Release|Any CPU
		{9C775D53-9900-4052-AF0E-2D9CD19FE0B7}.Release|x86.ActiveCfg = Release|Any CPU
		{9C775D53-9900-4052-AF0E-2D9CD19FE0B7}.Release|x86.Build.0 = Release|Any CPU
		{0E58A3D6-B484-41F2-BE5C-69F3471549EF}.Debug|Any CPU.ActiveCfg = Debug|Any CPU
		{0E58A3D6-B484-41F2-BE5C-69F3471549EF}.Debug|Any CPU.Build.0 = Debug|Any CPU
		{0E58A3D6-B484-41F2-BE5C-69F3471549EF}.Debug|x64.ActiveCfg = Debug|Any CPU
		{0E58A3D6-B484-41F2-BE5C-69F3471549EF}.Debug|x64.Build.0 = Debug|Any CPU
		{0E58A3D6-B484-41F2-BE5C-69F3471549EF}.Debug|x86.ActiveCfg = Debug|Any CPU
		{0E58A3D6-B484-41F2-BE5C-69F3471549EF}.Debug|x86.Build.0 = Debug|Any CPU
		{0E58A3D6-B484-41F2-BE5C-69F3471549EF}.Release|Any CPU.ActiveCfg = Release|Any CPU
		{0E58A3D6-B484-41F2-BE5C-69F3471549EF}.Release|Any CPU.Build.0 = Release|Any CPU
		{0E58A3D6-B484-41F2-BE5C-69F3471549EF}.Release|x64.ActiveCfg = Release|Any CPU
		{0E58A3D6-B484-41F2-BE5C-69F3471549EF}.Release|x64.Build.0 = Release|Any CPU
		{0E58A3D6-B484-41F2-BE5C-69F3471549EF}.Release|x86.ActiveCfg = Release|Any CPU
		{0E58A3D6-B484-41F2-BE5C-69F3471549EF}.Release|x86.Build.0 = Release|Any CPU
		{BF0C9A2B-5F90-495F-B4C8-D4681419F0D7}.Debug|Any CPU.ActiveCfg = Debug|Any CPU
		{BF0C9A2B-5F90-495F-B4C8-D4681419F0D7}.Debug|Any CPU.Build.0 = Debug|Any CPU
		{BF0C9A2B-5F90-495F-B4C8-D4681419F0D7}.Debug|x64.ActiveCfg = Debug|Any CPU
		{BF0C9A2B-5F90-495F-B4C8-D4681419F0D7}.Debug|x64.Build.0 = Debug|Any CPU
		{BF0C9A2B-5F90-495F-B4C8-D4681419F0D7}.Debug|x86.ActiveCfg = Debug|Any CPU
		{BF0C9A2B-5F90-495F-B4C8-D4681419F0D7}.Debug|x86.Build.0 = Debug|Any CPU
		{BF0C9A2B-5F90-495F-B4C8-D4681419F0D7}.Release|Any CPU.ActiveCfg = Release|Any CPU
		{BF0C9A2B-5F90-495F-B4C8-D4681419F0D7}.Release|Any CPU.Build.0 = Release|Any CPU
		{BF0C9A2B-5F90-495F-B4C8-D4681419F0D7}.Release|x64.ActiveCfg = Release|Any CPU
		{BF0C9A2B-5F90-495F-B4C8-D4681419F0D7}.Release|x64.Build.0 = Release|Any CPU
		{BF0C9A2B-5F90-495F-B4C8-D4681419F0D7}.Release|x86.ActiveCfg = Release|Any CPU
		{BF0C9A2B-5F90-495F-B4C8-D4681419F0D7}.Release|x86.Build.0 = Release|Any CPU
		{59EA8EE2-BB53-42A9-9383-64E60A9F42EE}.Debug|Any CPU.ActiveCfg = Debug|Any CPU
		{59EA8EE2-BB53-42A9-9383-64E60A9F42EE}.Debug|Any CPU.Build.0 = Debug|Any CPU
		{59EA8EE2-BB53-42A9-9383-64E60A9F42EE}.Debug|x64.ActiveCfg = Debug|Any CPU
		{59EA8EE2-BB53-42A9-9383-64E60A9F42EE}.Debug|x64.Build.0 = Debug|Any CPU
		{59EA8EE2-BB53-42A9-9383-64E60A9F42EE}.Debug|x86.ActiveCfg = Debug|Any CPU
		{59EA8EE2-BB53-42A9-9383-64E60A9F42EE}.Debug|x86.Build.0 = Debug|Any CPU
		{59EA8EE2-BB53-42A9-9383-64E60A9F42EE}.Release|Any CPU.ActiveCfg = Release|Any CPU
		{59EA8EE2-BB53-42A9-9383-64E60A9F42EE}.Release|Any CPU.Build.0 = Release|Any CPU
		{59EA8EE2-BB53-42A9-9383-64E60A9F42EE}.Release|x64.ActiveCfg = Release|Any CPU
		{59EA8EE2-BB53-42A9-9383-64E60A9F42EE}.Release|x64.Build.0 = Release|Any CPU
		{59EA8EE2-BB53-42A9-9383-64E60A9F42EE}.Release|x86.ActiveCfg = Release|Any CPU
		{59EA8EE2-BB53-42A9-9383-64E60A9F42EE}.Release|x86.Build.0 = Release|Any CPU
		{3F74FE16-6F94-4A31-B182-76A25EB2EB80}.Debug|Any CPU.ActiveCfg = Debug|Any CPU
		{3F74FE16-6F94-4A31-B182-76A25EB2EB80}.Debug|Any CPU.Build.0 = Debug|Any CPU
		{3F74FE16-6F94-4A31-B182-76A25EB2EB80}.Debug|x64.ActiveCfg = Debug|Any CPU
		{3F74FE16-6F94-4A31-B182-76A25EB2EB80}.Debug|x64.Build.0 = Debug|Any CPU
		{3F74FE16-6F94-4A31-B182-76A25EB2EB80}.Debug|x86.ActiveCfg = Debug|Any CPU
		{3F74FE16-6F94-4A31-B182-76A25EB2EB80}.Debug|x86.Build.0 = Debug|Any CPU
		{3F74FE16-6F94-4A31-B182-76A25EB2EB80}.Release|Any CPU.ActiveCfg = Release|Any CPU
		{3F74FE16-6F94-4A31-B182-76A25EB2EB80}.Release|Any CPU.Build.0 = Release|Any CPU
		{3F74FE16-6F94-4A31-B182-76A25EB2EB80}.Release|x64.ActiveCfg = Release|Any CPU
		{3F74FE16-6F94-4A31-B182-76A25EB2EB80}.Release|x64.Build.0 = Release|Any CPU
		{3F74FE16-6F94-4A31-B182-76A25EB2EB80}.Release|x86.ActiveCfg = Release|Any CPU
		{3F74FE16-6F94-4A31-B182-76A25EB2EB80}.Release|x86.Build.0 = Release|Any CPU
		{5466FCBA-04FB-42D2-BF4F-3AFE55137C2F}.Debug|Any CPU.ActiveCfg = Debug|Any CPU
		{5466FCBA-04FB-42D2-BF4F-3AFE55137C2F}.Debug|Any CPU.Build.0 = Debug|Any CPU
		{5466FCBA-04FB-42D2-BF4F-3AFE55137C2F}.Debug|x64.ActiveCfg = Debug|Any CPU
		{5466FCBA-04FB-42D2-BF4F-3AFE55137C2F}.Debug|x64.Build.0 = Debug|Any CPU
		{5466FCBA-04FB-42D2-BF4F-3AFE55137C2F}.Debug|x86.ActiveCfg = Debug|Any CPU
		{5466FCBA-04FB-42D2-BF4F-3AFE55137C2F}.Debug|x86.Build.0 = Debug|Any CPU
		{5466FCBA-04FB-42D2-BF4F-3AFE55137C2F}.Release|Any CPU.ActiveCfg = Release|Any CPU
		{5466FCBA-04FB-42D2-BF4F-3AFE55137C2F}.Release|Any CPU.Build.0 = Release|Any CPU
		{5466FCBA-04FB-42D2-BF4F-3AFE55137C2F}.Release|x64.ActiveCfg = Release|Any CPU
		{5466FCBA-04FB-42D2-BF4F-3AFE55137C2F}.Release|x64.Build.0 = Release|Any CPU
		{5466FCBA-04FB-42D2-BF4F-3AFE55137C2F}.Release|x86.ActiveCfg = Release|Any CPU
		{5466FCBA-04FB-42D2-BF4F-3AFE55137C2F}.Release|x86.Build.0 = Release|Any CPU
		{2729BCD0-03E0-4154-B30D-46687E6786A2}.Debug|Any CPU.ActiveCfg = Debug|Any CPU
		{2729BCD0-03E0-4154-B30D-46687E6786A2}.Debug|Any CPU.Build.0 = Debug|Any CPU
		{2729BCD0-03E0-4154-B30D-46687E6786A2}.Debug|x64.ActiveCfg = Debug|Any CPU
		{2729BCD0-03E0-4154-B30D-46687E6786A2}.Debug|x64.Build.0 = Debug|Any CPU
		{2729BCD0-03E0-4154-B30D-46687E6786A2}.Debug|x86.ActiveCfg = Debug|Any CPU
		{2729BCD0-03E0-4154-B30D-46687E6786A2}.Debug|x86.Build.0 = Debug|Any CPU
		{2729BCD0-03E0-4154-B30D-46687E6786A2}.Release|Any CPU.ActiveCfg = Release|Any CPU
		{2729BCD0-03E0-4154-B30D-46687E6786A2}.Release|Any CPU.Build.0 = Release|Any CPU
		{2729BCD0-03E0-4154-B30D-46687E6786A2}.Release|x64.ActiveCfg = Release|Any CPU
		{2729BCD0-03E0-4154-B30D-46687E6786A2}.Release|x64.Build.0 = Release|Any CPU
		{2729BCD0-03E0-4154-B30D-46687E6786A2}.Release|x86.ActiveCfg = Release|Any CPU
		{2729BCD0-03E0-4154-B30D-46687E6786A2}.Release|x86.Build.0 = Release|Any CPU
		{0F190EE4-50BE-4DEB-9F5D-BC6823C0A29A}.Debug|Any CPU.ActiveCfg = Debug|Any CPU
		{0F190EE4-50BE-4DEB-9F5D-BC6823C0A29A}.Debug|Any CPU.Build.0 = Debug|Any CPU
		{0F190EE4-50BE-4DEB-9F5D-BC6823C0A29A}.Debug|x64.ActiveCfg = Debug|Any CPU
		{0F190EE4-50BE-4DEB-9F5D-BC6823C0A29A}.Debug|x64.Build.0 = Debug|Any CPU
		{0F190EE4-50BE-4DEB-9F5D-BC6823C0A29A}.Debug|x86.ActiveCfg = Debug|Any CPU
		{0F190EE4-50BE-4DEB-9F5D-BC6823C0A29A}.Debug|x86.Build.0 = Debug|Any CPU
		{0F190EE4-50BE-4DEB-9F5D-BC6823C0A29A}.Release|Any CPU.ActiveCfg = Release|Any CPU
		{0F190EE4-50BE-4DEB-9F5D-BC6823C0A29A}.Release|Any CPU.Build.0 = Release|Any CPU
		{0F190EE4-50BE-4DEB-9F5D-BC6823C0A29A}.Release|x64.ActiveCfg = Release|Any CPU
		{0F190EE4-50BE-4DEB-9F5D-BC6823C0A29A}.Release|x64.Build.0 = Release|Any CPU
		{0F190EE4-50BE-4DEB-9F5D-BC6823C0A29A}.Release|x86.ActiveCfg = Release|Any CPU
		{0F190EE4-50BE-4DEB-9F5D-BC6823C0A29A}.Release|x86.Build.0 = Release|Any CPU
		{2B5714B1-3249-4F70-8A00-5649BF2AD605}.Debug|Any CPU.ActiveCfg = Debug|Any CPU
		{2B5714B1-3249-4F70-8A00-5649BF2AD605}.Debug|Any CPU.Build.0 = Debug|Any CPU
		{2B5714B1-3249-4F70-8A00-5649BF2AD605}.Debug|x64.ActiveCfg = Debug|Any CPU
		{2B5714B1-3249-4F70-8A00-5649BF2AD605}.Debug|x64.Build.0 = Debug|Any CPU
		{2B5714B1-3249-4F70-8A00-5649BF2AD605}.Debug|x86.ActiveCfg = Debug|Any CPU
		{2B5714B1-3249-4F70-8A00-5649BF2AD605}.Debug|x86.Build.0 = Debug|Any CPU
		{2B5714B1-3249-4F70-8A00-5649BF2AD605}.Release|Any CPU.ActiveCfg = Release|Any CPU
		{2B5714B1-3249-4F70-8A00-5649BF2AD605}.Release|Any CPU.Build.0 = Release|Any CPU
		{2B5714B1-3249-4F70-8A00-5649BF2AD605}.Release|x64.ActiveCfg = Release|Any CPU
		{2B5714B1-3249-4F70-8A00-5649BF2AD605}.Release|x64.Build.0 = Release|Any CPU
		{2B5714B1-3249-4F70-8A00-5649BF2AD605}.Release|x86.ActiveCfg = Release|Any CPU
		{2B5714B1-3249-4F70-8A00-5649BF2AD605}.Release|x86.Build.0 = Release|Any CPU
	EndGlobalSection
	GlobalSection(SolutionProperties) = preSolution
		HideSolutionNode = FALSE
	EndGlobalSection
	GlobalSection(NestedProjects) = preSolution
		{2F307D39-63A6-4BBB-905C-90805BEC0023} = {D1DC7328-7354-4621-892F-F7F67BEAD8C3}
		{271D8F27-B736-482A-9D40-8394E313C185} = {D1DC7328-7354-4621-892F-F7F67BEAD8C3}
		{0CD98227-5884-412B-A29F-0AC2584D8268} = {D1DC7328-7354-4621-892F-F7F67BEAD8C3}
		{63166153-9561-4661-8EE7-665575E83CB9} = {D1DC7328-7354-4621-892F-F7F67BEAD8C3}
		{99C09536-1CBD-4A56-8675-F2F3384E2D60} = {A2FE7063-0686-4541-8BFC-A5116D6629E9}
		{C2F748FD-ADEC-4959-AB92-C66843B7762E} = {A2FE7063-0686-4541-8BFC-A5116D6629E9}
		{8CC4ABDA-3E2E-439E-B618-758F78ECE06B} = {D1DC7328-7354-4621-892F-F7F67BEAD8C3}
		{787A3F84-0D04-4A08-96E6-B41C125C4107} = {A2FE7063-0686-4541-8BFC-A5116D6629E9}
		{10C062F9-60E5-4F46-A8A2-873D93C6D9B2} = {A2FE7063-0686-4541-8BFC-A5116D6629E9}
		{F3744A9B-A0A5-4BB1-B0ED-3754139DEE2B} = {D1DC7328-7354-4621-892F-F7F67BEAD8C3}
		{C3B69762-192A-4BD0-AB32-0907E1BCB8F5} = {D1DC7328-7354-4621-892F-F7F67BEAD8C3}
		{D45844FE-D313-4EFE-99A3-38537422F7DE} = {D1DC7328-7354-4621-892F-F7F67BEAD8C3}
		{E717029B-4AF5-4A16-B48B-4882DDE04F31} = {D1DC7328-7354-4621-892F-F7F67BEAD8C3}
		{332C0218-7C07-4005-9620-79E422B66FD3} = {D1DC7328-7354-4621-892F-F7F67BEAD8C3}
		{25FF6B0D-7C3A-4D39-9943-EC40C151E19B} = {D1DC7328-7354-4621-892F-F7F67BEAD8C3}
		{BA473E5F-8C6E-4AF5-8D95-740BA9DE4846} = {D1DC7328-7354-4621-892F-F7F67BEAD8C3}
		{318A99DD-ED4A-49E7-81E2-47C3B779049D} = {D1DC7328-7354-4621-892F-F7F67BEAD8C3}
		{B90B657C-D677-471A-BA2D-02363F6D84F8} = {D1DC7328-7354-4621-892F-F7F67BEAD8C3}
		{FE456711-C291-4B9C-89DC-45C278C3255E} = {D1DC7328-7354-4621-892F-F7F67BEAD8C3}
		{E0E6954C-A370-41F5-AAE0-85374EA27D33} = {A2FE7063-0686-4541-8BFC-A5116D6629E9}
		{824F3337-EFF1-4EB9-A071-6160CF30723A} = {A2FE7063-0686-4541-8BFC-A5116D6629E9}
		{9AE59386-22E0-4DB8-B333-065E84544BF6} = {D1DC7328-7354-4621-892F-F7F67BEAD8C3}
		{4BBC7051-51D2-4440-B0A3-9A46AD9F5A24} = {D1DC7328-7354-4621-892F-F7F67BEAD8C3}
		{64980491-1E48-4A61-9FCE-842A20BEFAD2} = {D1DC7328-7354-4621-892F-F7F67BEAD8C3}
		{5AEA135C-64DA-40E3-B0EF-C0C9CD1B7D32} = {D1DC7328-7354-4621-892F-F7F67BEAD8C3}
		{65AEC75D-952C-4B38-AF60-741DC7967139} = {A2FE7063-0686-4541-8BFC-A5116D6629E9}
		{F13BA343-B3CF-4B85-9AEF-08CBD14A380F} = {D1DC7328-7354-4621-892F-F7F67BEAD8C3}
		{A7A86E2D-11D6-49A6-ACFF-25DBCB093F82} = {D1DC7328-7354-4621-892F-F7F67BEAD8C3}
		{0D75C89C-703C-446D-BE06-0675A53096E8} = {D1DC7328-7354-4621-892F-F7F67BEAD8C3}
		{42C28761-24C4-4405-B98C-787F8C284B56} = {D1DC7328-7354-4621-892F-F7F67BEAD8C3}
		{631AF9B9-1A08-426A-916D-4DA5B7B67722} = {A2FE7063-0686-4541-8BFC-A5116D6629E9}
		{13F0B9E6-BE87-477E-BF41-F049E6BB0C54} = {A2FE7063-0686-4541-8BFC-A5116D6629E9}
		{E7F6703C-94B6-4BD5-94D0-816EA50836BF} = {D1DC7328-7354-4621-892F-F7F67BEAD8C3}
		{2C67167E-D7F3-40CB-86F1-EC443A594C09} = {D1DC7328-7354-4621-892F-F7F67BEAD8C3}
		{7A32B2C8-B374-4B3F-922B-45BA1FF2C891} = {D1DC7328-7354-4621-892F-F7F67BEAD8C3}
		{90BA2539-4D8A-4225-B1FB-B2093775C904} = {D1DC7328-7354-4621-892F-F7F67BEAD8C3}
		{EDFD9119-5D00-402A-A0C8-8E2DE494EB03} = {A2FE7063-0686-4541-8BFC-A5116D6629E9}
		{1914A5CC-089A-4BF3-8124-BB0D7DA29DF5} = {D1DC7328-7354-4621-892F-F7F67BEAD8C3}
		{672FE3EA-EFB2-4297-A2D1-C4901FCCEA8A} = {D1DC7328-7354-4621-892F-F7F67BEAD8C3}
		{6C05CFB8-30A1-4C6C-8DE2-BC6A7FF31E3D} = {D1DC7328-7354-4621-892F-F7F67BEAD8C3}
		{FE589A1E-9687-4711-80DD-D9B42D5FBA81} = {A2FE7063-0686-4541-8BFC-A5116D6629E9}
		{9C775D53-9900-4052-AF0E-2D9CD19FE0B7} = {A2FE7063-0686-4541-8BFC-A5116D6629E9}
		{0E58A3D6-B484-41F2-BE5C-69F3471549EF} = {A2FE7063-0686-4541-8BFC-A5116D6629E9}
		{BF0C9A2B-5F90-495F-B4C8-D4681419F0D7} = {A2FE7063-0686-4541-8BFC-A5116D6629E9}
		{59EA8EE2-BB53-42A9-9383-64E60A9F42EE} = {D1DC7328-7354-4621-892F-F7F67BEAD8C3}
		{3F74FE16-6F94-4A31-B182-76A25EB2EB80} = {D1DC7328-7354-4621-892F-F7F67BEAD8C3}
		{5466FCBA-04FB-42D2-BF4F-3AFE55137C2F} = {D1DC7328-7354-4621-892F-F7F67BEAD8C3}
		{2729BCD0-03E0-4154-B30D-46687E6786A2} = {D1DC7328-7354-4621-892F-F7F67BEAD8C3}
		{0F190EE4-50BE-4DEB-9F5D-BC6823C0A29A} = {D1DC7328-7354-4621-892F-F7F67BEAD8C3}
		{2B5714B1-3249-4F70-8A00-5649BF2AD605} = {D1DC7328-7354-4621-892F-F7F67BEAD8C3}
	EndGlobalSection
EndGlobal
